
Microsoft Visual Studio Solution File, Format Version 12.00
# Visual Studio 15
VisualStudioVersion = 15.0.27004.2002
MinimumVisualStudioVersion = 10.0.40219.1
Project("{FAE04EC0-301F-11D3-BF4B-00C04F79EFBC}") = "Nikeza.Mobile.Android", "Nikeza.Mobile\Nikeza.Mobile.Android\Nikeza.Mobile.Android.csproj", "{032EC769-87F6-46CF-9097-0891007BF362}"
EndProject
Project("{FAE04EC0-301F-11D3-BF4B-00C04F79EFBC}") = "Nikeza.Mobile", "Nikeza.Mobile\Nikeza.Mobile\Nikeza.Mobile.csproj", "{61A11E2C-9083-430A-9706-CDF34ADEDDBF}"
EndProject
Project("{6EC3EE1D-3C4E-46DD-8F32-0CC8E7565705}") = "Nikeza.Mobile.AppLogic", "Core\Nikeza.Mobile.AppLogic.fsproj", "{BA119A86-EF80-4854-95FC-7B0E2AED524A}"
EndProject
Project("{6EC3EE1D-3C4E-46DD-8F32-0CC8E7565705}") = "Nikeza.Common", "..\..\Nikeza.Common\Nikeza.Common\Nikeza.Common.fsproj", "{90E1C6BB-B9D6-4081-B0E1-ED1414C2060F}"
EndProject
Project("{2150E333-8FDC-42A3-9474-1A3956D46DE8}") = "Integration", "Integration", "{5D9B92E8-DBD4-4EBD-8427-37D41A147781}"
EndProject
Project("{6EC3EE1D-3C4E-46DD-8F32-0CC8E7565705}") = "Nikeza.Mobile.Profile", "Profile\Nikeza.Mobile.Profile.fsproj", "{A98E9556-CF8A-46B3-9CF5-760C657A0850}"
EndProject
Project("{6EC3EE1D-3C4E-46DD-8F32-0CC8E7565705}") = "Nikeza.Mobile.Subscriptions", "Subscriptions\Nikeza.Mobile.Subscriptions.fsproj", "{ED5526A4-3865-43B2-9F12-3D2A4E5F8E7B}"
EndProject
Project("{6EC3EE1D-3C4E-46DD-8F32-0CC8E7565705}") = "Nikeza.Mobile.Portfolio", "Portfolio\Nikeza.Mobile.Portfolio.fsproj", "{B9B36589-9387-4217-9F9C-D225C4F54D1C}"
EndProject
Project("{6EC3EE1D-3C4E-46DD-8F32-0CC8E7565705}") = "UILogic", "UILogic\UILogic.fsproj", "{2F426613-6ECC-440F-B9CD-5F2D46CAD82A}"
EndProject
Project("{2150E333-8FDC-42A3-9474-1A3956D46DE8}") = "Tests", "Tests", "{A790698C-919E-4AD2-98BD-90FE74982679}"
EndProject
Project("{6EC3EE1D-3C4E-46DD-8F32-0CC8E7565705}") = "ExampleBased", "ExampleBased2\ExampleBased.fsproj", "{0E7F07C6-65A3-4B32-9966-720B910317D3}"
EndProject
Global
	GlobalSection(SolutionConfigurationPlatforms) = preSolution
		Ad-Hoc|Any CPU = Ad-Hoc|Any CPU
		Ad-Hoc|iPhone = Ad-Hoc|iPhone
		Ad-Hoc|iPhoneSimulator = Ad-Hoc|iPhoneSimulator
		AppStore|Any CPU = AppStore|Any CPU
		AppStore|iPhone = AppStore|iPhone
		AppStore|iPhoneSimulator = AppStore|iPhoneSimulator
		Debug|Any CPU = Debug|Any CPU
		Debug|iPhone = Debug|iPhone
		Debug|iPhoneSimulator = Debug|iPhoneSimulator
		Release|Any CPU = Release|Any CPU
		Release|iPhone = Release|iPhone
		Release|iPhoneSimulator = Release|iPhoneSimulator
	EndGlobalSection
	GlobalSection(ProjectConfigurationPlatforms) = postSolution
		{032EC769-87F6-46CF-9097-0891007BF362}.Ad-Hoc|Any CPU.ActiveCfg = Release|Any CPU
		{032EC769-87F6-46CF-9097-0891007BF362}.Ad-Hoc|Any CPU.Build.0 = Release|Any CPU
		{032EC769-87F6-46CF-9097-0891007BF362}.Ad-Hoc|Any CPU.Deploy.0 = Release|Any CPU
		{032EC769-87F6-46CF-9097-0891007BF362}.Ad-Hoc|iPhone.ActiveCfg = Release|Any CPU
		{032EC769-87F6-46CF-9097-0891007BF362}.Ad-Hoc|iPhone.Build.0 = Release|Any CPU
		{032EC769-87F6-46CF-9097-0891007BF362}.Ad-Hoc|iPhone.Deploy.0 = Release|Any CPU
		{032EC769-87F6-46CF-9097-0891007BF362}.Ad-Hoc|iPhoneSimulator.ActiveCfg = Release|Any CPU
		{032EC769-87F6-46CF-9097-0891007BF362}.Ad-Hoc|iPhoneSimulator.Build.0 = Release|Any CPU
		{032EC769-87F6-46CF-9097-0891007BF362}.Ad-Hoc|iPhoneSimulator.Deploy.0 = Release|Any CPU
		{032EC769-87F6-46CF-9097-0891007BF362}.AppStore|Any CPU.ActiveCfg = Release|Any CPU
		{032EC769-87F6-46CF-9097-0891007BF362}.AppStore|Any CPU.Build.0 = Release|Any CPU
		{032EC769-87F6-46CF-9097-0891007BF362}.AppStore|Any CPU.Deploy.0 = Release|Any CPU
		{032EC769-87F6-46CF-9097-0891007BF362}.AppStore|iPhone.ActiveCfg = Release|Any CPU
		{032EC769-87F6-46CF-9097-0891007BF362}.AppStore|iPhone.Build.0 = Release|Any CPU
		{032EC769-87F6-46CF-9097-0891007BF362}.AppStore|iPhone.Deploy.0 = Release|Any CPU
		{032EC769-87F6-46CF-9097-0891007BF362}.AppStore|iPhoneSimulator.ActiveCfg = Release|Any CPU
		{032EC769-87F6-46CF-9097-0891007BF362}.AppStore|iPhoneSimulator.Build.0 = Release|Any CPU
		{032EC769-87F6-46CF-9097-0891007BF362}.AppStore|iPhoneSimulator.Deploy.0 = Release|Any CPU
		{032EC769-87F6-46CF-9097-0891007BF362}.Debug|Any CPU.ActiveCfg = Debug|Any CPU
		{032EC769-87F6-46CF-9097-0891007BF362}.Debug|Any CPU.Build.0 = Debug|Any CPU
		{032EC769-87F6-46CF-9097-0891007BF362}.Debug|Any CPU.Deploy.0 = Debug|Any CPU
		{032EC769-87F6-46CF-9097-0891007BF362}.Debug|iPhone.ActiveCfg = Debug|Any CPU
		{032EC769-87F6-46CF-9097-0891007BF362}.Debug|iPhone.Build.0 = Debug|Any CPU
		{032EC769-87F6-46CF-9097-0891007BF362}.Debug|iPhone.Deploy.0 = Debug|Any CPU
		{032EC769-87F6-46CF-9097-0891007BF362}.Debug|iPhoneSimulator.ActiveCfg = Debug|Any CPU
		{032EC769-87F6-46CF-9097-0891007BF362}.Debug|iPhoneSimulator.Build.0 = Debug|Any CPU
		{032EC769-87F6-46CF-9097-0891007BF362}.Debug|iPhoneSimulator.Deploy.0 = Debug|Any CPU
		{032EC769-87F6-46CF-9097-0891007BF362}.Release|Any CPU.ActiveCfg = Release|Any CPU
		{032EC769-87F6-46CF-9097-0891007BF362}.Release|Any CPU.Build.0 = Release|Any CPU
		{032EC769-87F6-46CF-9097-0891007BF362}.Release|Any CPU.Deploy.0 = Release|Any CPU
		{032EC769-87F6-46CF-9097-0891007BF362}.Release|iPhone.ActiveCfg = Release|Any CPU
		{032EC769-87F6-46CF-9097-0891007BF362}.Release|iPhone.Build.0 = Release|Any CPU
		{032EC769-87F6-46CF-9097-0891007BF362}.Release|iPhone.Deploy.0 = Release|Any CPU
		{032EC769-87F6-46CF-9097-0891007BF362}.Release|iPhoneSimulator.ActiveCfg = Release|Any CPU
		{032EC769-87F6-46CF-9097-0891007BF362}.Release|iPhoneSimulator.Build.0 = Release|Any CPU
		{032EC769-87F6-46CF-9097-0891007BF362}.Release|iPhoneSimulator.Deploy.0 = Release|Any CPU
		{61A11E2C-9083-430A-9706-CDF34ADEDDBF}.Ad-Hoc|Any CPU.ActiveCfg = Release|Any CPU
		{61A11E2C-9083-430A-9706-CDF34ADEDDBF}.Ad-Hoc|Any CPU.Build.0 = Release|Any CPU
		{61A11E2C-9083-430A-9706-CDF34ADEDDBF}.Ad-Hoc|iPhone.ActiveCfg = Release|Any CPU
		{61A11E2C-9083-430A-9706-CDF34ADEDDBF}.Ad-Hoc|iPhone.Build.0 = Release|Any CPU
		{61A11E2C-9083-430A-9706-CDF34ADEDDBF}.Ad-Hoc|iPhoneSimulator.ActiveCfg = Release|Any CPU
		{61A11E2C-9083-430A-9706-CDF34ADEDDBF}.Ad-Hoc|iPhoneSimulator.Build.0 = Release|Any CPU
		{61A11E2C-9083-430A-9706-CDF34ADEDDBF}.AppStore|Any CPU.ActiveCfg = Release|Any CPU
		{61A11E2C-9083-430A-9706-CDF34ADEDDBF}.AppStore|Any CPU.Build.0 = Release|Any CPU
		{61A11E2C-9083-430A-9706-CDF34ADEDDBF}.AppStore|iPhone.ActiveCfg = Release|Any CPU
		{61A11E2C-9083-430A-9706-CDF34ADEDDBF}.AppStore|iPhone.Build.0 = Release|Any CPU
		{61A11E2C-9083-430A-9706-CDF34ADEDDBF}.AppStore|iPhoneSimulator.ActiveCfg = Release|Any CPU
		{61A11E2C-9083-430A-9706-CDF34ADEDDBF}.AppStore|iPhoneSimulator.Build.0 = Release|Any CPU
		{61A11E2C-9083-430A-9706-CDF34ADEDDBF}.Debug|Any CPU.ActiveCfg = Debug|Any CPU
		{61A11E2C-9083-430A-9706-CDF34ADEDDBF}.Debug|Any CPU.Build.0 = Debug|Any CPU
		{61A11E2C-9083-430A-9706-CDF34ADEDDBF}.Debug|iPhone.ActiveCfg = Debug|Any CPU
		{61A11E2C-9083-430A-9706-CDF34ADEDDBF}.Debug|iPhone.Build.0 = Debug|Any CPU
		{61A11E2C-9083-430A-9706-CDF34ADEDDBF}.Debug|iPhoneSimulator.ActiveCfg = Debug|Any CPU
		{61A11E2C-9083-430A-9706-CDF34ADEDDBF}.Debug|iPhoneSimulator.Build.0 = Debug|Any CPU
		{61A11E2C-9083-430A-9706-CDF34ADEDDBF}.Release|Any CPU.ActiveCfg = Release|Any CPU
		{61A11E2C-9083-430A-9706-CDF34ADEDDBF}.Release|Any CPU.Build.0 = Release|Any CPU
		{61A11E2C-9083-430A-9706-CDF34ADEDDBF}.Release|iPhone.ActiveCfg = Release|Any CPU
		{61A11E2C-9083-430A-9706-CDF34ADEDDBF}.Release|iPhone.Build.0 = Release|Any CPU
		{61A11E2C-9083-430A-9706-CDF34ADEDDBF}.Release|iPhoneSimulator.ActiveCfg = Release|Any CPU
		{61A11E2C-9083-430A-9706-CDF34ADEDDBF}.Release|iPhoneSimulator.Build.0 = Release|Any CPU
		{BA119A86-EF80-4854-95FC-7B0E2AED524A}.Ad-Hoc|Any CPU.ActiveCfg = Debug|Any CPU
		{BA119A86-EF80-4854-95FC-7B0E2AED524A}.Ad-Hoc|Any CPU.Build.0 = Debug|Any CPU
		{BA119A86-EF80-4854-95FC-7B0E2AED524A}.Ad-Hoc|iPhone.ActiveCfg = Debug|Any CPU
		{BA119A86-EF80-4854-95FC-7B0E2AED524A}.Ad-Hoc|iPhone.Build.0 = Debug|Any CPU
		{BA119A86-EF80-4854-95FC-7B0E2AED524A}.Ad-Hoc|iPhoneSimulator.ActiveCfg = Debug|Any CPU
		{BA119A86-EF80-4854-95FC-7B0E2AED524A}.Ad-Hoc|iPhoneSimulator.Build.0 = Debug|Any CPU
		{BA119A86-EF80-4854-95FC-7B0E2AED524A}.AppStore|Any CPU.ActiveCfg = Debug|Any CPU
		{BA119A86-EF80-4854-95FC-7B0E2AED524A}.AppStore|Any CPU.Build.0 = Debug|Any CPU
		{BA119A86-EF80-4854-95FC-7B0E2AED524A}.AppStore|iPhone.ActiveCfg = Debug|Any CPU
		{BA119A86-EF80-4854-95FC-7B0E2AED524A}.AppStore|iPhone.Build.0 = Debug|Any CPU
		{BA119A86-EF80-4854-95FC-7B0E2AED524A}.AppStore|iPhoneSimulator.ActiveCfg = Debug|Any CPU
		{BA119A86-EF80-4854-95FC-7B0E2AED524A}.AppStore|iPhoneSimulator.Build.0 = Debug|Any CPU
		{BA119A86-EF80-4854-95FC-7B0E2AED524A}.Debug|Any CPU.ActiveCfg = Debug|Any CPU
		{BA119A86-EF80-4854-95FC-7B0E2AED524A}.Debug|Any CPU.Build.0 = Debug|Any CPU
		{BA119A86-EF80-4854-95FC-7B0E2AED524A}.Debug|iPhone.ActiveCfg = Debug|Any CPU
		{BA119A86-EF80-4854-95FC-7B0E2AED524A}.Debug|iPhone.Build.0 = Debug|Any CPU
		{BA119A86-EF80-4854-95FC-7B0E2AED524A}.Debug|iPhoneSimulator.ActiveCfg = Debug|Any CPU
		{BA119A86-EF80-4854-95FC-7B0E2AED524A}.Debug|iPhoneSimulator.Build.0 = Debug|Any CPU
		{BA119A86-EF80-4854-95FC-7B0E2AED524A}.Release|Any CPU.ActiveCfg = Release|Any CPU
		{BA119A86-EF80-4854-95FC-7B0E2AED524A}.Release|Any CPU.Build.0 = Release|Any CPU
		{BA119A86-EF80-4854-95FC-7B0E2AED524A}.Release|iPhone.ActiveCfg = Release|Any CPU
		{BA119A86-EF80-4854-95FC-7B0E2AED524A}.Release|iPhone.Build.0 = Release|Any CPU
		{BA119A86-EF80-4854-95FC-7B0E2AED524A}.Release|iPhoneSimulator.ActiveCfg = Release|Any CPU
		{BA119A86-EF80-4854-95FC-7B0E2AED524A}.Release|iPhoneSimulator.Build.0 = Release|Any CPU
		{90E1C6BB-B9D6-4081-B0E1-ED1414C2060F}.Ad-Hoc|Any CPU.ActiveCfg = Debug|Any CPU
		{90E1C6BB-B9D6-4081-B0E1-ED1414C2060F}.Ad-Hoc|Any CPU.Build.0 = Debug|Any CPU
		{90E1C6BB-B9D6-4081-B0E1-ED1414C2060F}.Ad-Hoc|iPhone.ActiveCfg = Debug|Any CPU
		{90E1C6BB-B9D6-4081-B0E1-ED1414C2060F}.Ad-Hoc|iPhone.Build.0 = Debug|Any CPU
		{90E1C6BB-B9D6-4081-B0E1-ED1414C2060F}.Ad-Hoc|iPhoneSimulator.ActiveCfg = Debug|Any CPU
		{90E1C6BB-B9D6-4081-B0E1-ED1414C2060F}.Ad-Hoc|iPhoneSimulator.Build.0 = Debug|Any CPU
		{90E1C6BB-B9D6-4081-B0E1-ED1414C2060F}.AppStore|Any CPU.ActiveCfg = Debug|Any CPU
		{90E1C6BB-B9D6-4081-B0E1-ED1414C2060F}.AppStore|Any CPU.Build.0 = Debug|Any CPU
		{90E1C6BB-B9D6-4081-B0E1-ED1414C2060F}.AppStore|iPhone.ActiveCfg = Debug|Any CPU
		{90E1C6BB-B9D6-4081-B0E1-ED1414C2060F}.AppStore|iPhone.Build.0 = Debug|Any CPU
		{90E1C6BB-B9D6-4081-B0E1-ED1414C2060F}.AppStore|iPhoneSimulator.ActiveCfg = Debug|Any CPU
		{90E1C6BB-B9D6-4081-B0E1-ED1414C2060F}.AppStore|iPhoneSimulator.Build.0 = Debug|Any CPU
		{90E1C6BB-B9D6-4081-B0E1-ED1414C2060F}.Debug|Any CPU.ActiveCfg = Debug|Any CPU
		{90E1C6BB-B9D6-4081-B0E1-ED1414C2060F}.Debug|Any CPU.Build.0 = Debug|Any CPU
		{90E1C6BB-B9D6-4081-B0E1-ED1414C2060F}.Debug|iPhone.ActiveCfg = Debug|Any CPU
		{90E1C6BB-B9D6-4081-B0E1-ED1414C2060F}.Debug|iPhone.Build.0 = Debug|Any CPU
		{90E1C6BB-B9D6-4081-B0E1-ED1414C2060F}.Debug|iPhoneSimulator.ActiveCfg = Debug|Any CPU
		{90E1C6BB-B9D6-4081-B0E1-ED1414C2060F}.Debug|iPhoneSimulator.Build.0 = Debug|Any CPU
		{90E1C6BB-B9D6-4081-B0E1-ED1414C2060F}.Release|Any CPU.ActiveCfg = Release|Any CPU
		{90E1C6BB-B9D6-4081-B0E1-ED1414C2060F}.Release|Any CPU.Build.0 = Release|Any CPU
		{90E1C6BB-B9D6-4081-B0E1-ED1414C2060F}.Release|iPhone.ActiveCfg = Release|Any CPU
		{90E1C6BB-B9D6-4081-B0E1-ED1414C2060F}.Release|iPhone.Build.0 = Release|Any CPU
		{90E1C6BB-B9D6-4081-B0E1-ED1414C2060F}.Release|iPhoneSimulator.ActiveCfg = Release|Any CPU
		{90E1C6BB-B9D6-4081-B0E1-ED1414C2060F}.Release|iPhoneSimulator.Build.0 = Release|Any CPU
		{A98E9556-CF8A-46B3-9CF5-760C657A0850}.Ad-Hoc|Any CPU.ActiveCfg = Debug|Any CPU
		{A98E9556-CF8A-46B3-9CF5-760C657A0850}.Ad-Hoc|Any CPU.Build.0 = Debug|Any CPU
		{A98E9556-CF8A-46B3-9CF5-760C657A0850}.Ad-Hoc|iPhone.ActiveCfg = Debug|Any CPU
		{A98E9556-CF8A-46B3-9CF5-760C657A0850}.Ad-Hoc|iPhone.Build.0 = Debug|Any CPU
		{A98E9556-CF8A-46B3-9CF5-760C657A0850}.Ad-Hoc|iPhoneSimulator.ActiveCfg = Debug|Any CPU
		{A98E9556-CF8A-46B3-9CF5-760C657A0850}.Ad-Hoc|iPhoneSimulator.Build.0 = Debug|Any CPU
		{A98E9556-CF8A-46B3-9CF5-760C657A0850}.AppStore|Any CPU.ActiveCfg = Debug|Any CPU
		{A98E9556-CF8A-46B3-9CF5-760C657A0850}.AppStore|Any CPU.Build.0 = Debug|Any CPU
		{A98E9556-CF8A-46B3-9CF5-760C657A0850}.AppStore|iPhone.ActiveCfg = Debug|Any CPU
		{A98E9556-CF8A-46B3-9CF5-760C657A0850}.AppStore|iPhone.Build.0 = Debug|Any CPU
		{A98E9556-CF8A-46B3-9CF5-760C657A0850}.AppStore|iPhoneSimulator.ActiveCfg = Debug|Any CPU
		{A98E9556-CF8A-46B3-9CF5-760C657A0850}.AppStore|iPhoneSimulator.Build.0 = Debug|Any CPU
		{A98E9556-CF8A-46B3-9CF5-760C657A0850}.Debug|Any CPU.ActiveCfg = Debug|Any CPU
		{A98E9556-CF8A-46B3-9CF5-760C657A0850}.Debug|Any CPU.Build.0 = Debug|Any CPU
		{A98E9556-CF8A-46B3-9CF5-760C657A0850}.Debug|iPhone.ActiveCfg = Debug|Any CPU
		{A98E9556-CF8A-46B3-9CF5-760C657A0850}.Debug|iPhone.Build.0 = Debug|Any CPU
		{A98E9556-CF8A-46B3-9CF5-760C657A0850}.Debug|iPhoneSimulator.ActiveCfg = Debug|Any CPU
		{A98E9556-CF8A-46B3-9CF5-760C657A0850}.Debug|iPhoneSimulator.Build.0 = Debug|Any CPU
		{A98E9556-CF8A-46B3-9CF5-760C657A0850}.Release|Any CPU.ActiveCfg = Release|Any CPU
		{A98E9556-CF8A-46B3-9CF5-760C657A0850}.Release|Any CPU.Build.0 = Release|Any CPU
		{A98E9556-CF8A-46B3-9CF5-760C657A0850}.Release|iPhone.ActiveCfg = Release|Any CPU
		{A98E9556-CF8A-46B3-9CF5-760C657A0850}.Release|iPhone.Build.0 = Release|Any CPU
		{A98E9556-CF8A-46B3-9CF5-760C657A0850}.Release|iPhoneSimulator.ActiveCfg = Release|Any CPU
		{A98E9556-CF8A-46B3-9CF5-760C657A0850}.Release|iPhoneSimulator.Build.0 = Release|Any CPU
		{ED5526A4-3865-43B2-9F12-3D2A4E5F8E7B}.Ad-Hoc|Any CPU.ActiveCfg = Debug|Any CPU
		{ED5526A4-3865-43B2-9F12-3D2A4E5F8E7B}.Ad-Hoc|Any CPU.Build.0 = Debug|Any CPU
		{ED5526A4-3865-43B2-9F12-3D2A4E5F8E7B}.Ad-Hoc|iPhone.ActiveCfg = Debug|Any CPU
		{ED5526A4-3865-43B2-9F12-3D2A4E5F8E7B}.Ad-Hoc|iPhone.Build.0 = Debug|Any CPU
		{ED5526A4-3865-43B2-9F12-3D2A4E5F8E7B}.Ad-Hoc|iPhoneSimulator.ActiveCfg = Debug|Any CPU
		{ED5526A4-3865-43B2-9F12-3D2A4E5F8E7B}.Ad-Hoc|iPhoneSimulator.Build.0 = Debug|Any CPU
		{ED5526A4-3865-43B2-9F12-3D2A4E5F8E7B}.AppStore|Any CPU.ActiveCfg = Debug|Any CPU
		{ED5526A4-3865-43B2-9F12-3D2A4E5F8E7B}.AppStore|Any CPU.Build.0 = Debug|Any CPU
		{ED5526A4-3865-43B2-9F12-3D2A4E5F8E7B}.AppStore|iPhone.ActiveCfg = Debug|Any CPU
		{ED5526A4-3865-43B2-9F12-3D2A4E5F8E7B}.AppStore|iPhone.Build.0 = Debug|Any CPU
		{ED5526A4-3865-43B2-9F12-3D2A4E5F8E7B}.AppStore|iPhoneSimulator.ActiveCfg = Debug|Any CPU
		{ED5526A4-3865-43B2-9F12-3D2A4E5F8E7B}.AppStore|iPhoneSimulator.Build.0 = Debug|Any CPU
		{ED5526A4-3865-43B2-9F12-3D2A4E5F8E7B}.Debug|Any CPU.ActiveCfg = Debug|Any CPU
		{ED5526A4-3865-43B2-9F12-3D2A4E5F8E7B}.Debug|Any CPU.Build.0 = Debug|Any CPU
		{ED5526A4-3865-43B2-9F12-3D2A4E5F8E7B}.Debug|iPhone.ActiveCfg = Debug|Any CPU
		{ED5526A4-3865-43B2-9F12-3D2A4E5F8E7B}.Debug|iPhone.Build.0 = Debug|Any CPU
		{ED5526A4-3865-43B2-9F12-3D2A4E5F8E7B}.Debug|iPhoneSimulator.ActiveCfg = Debug|Any CPU
		{ED5526A4-3865-43B2-9F12-3D2A4E5F8E7B}.Debug|iPhoneSimulator.Build.0 = Debug|Any CPU
		{ED5526A4-3865-43B2-9F12-3D2A4E5F8E7B}.Release|Any CPU.ActiveCfg = Release|Any CPU
		{ED5526A4-3865-43B2-9F12-3D2A4E5F8E7B}.Release|Any CPU.Build.0 = Release|Any CPU
		{ED5526A4-3865-43B2-9F12-3D2A4E5F8E7B}.Release|iPhone.ActiveCfg = Release|Any CPU
		{ED5526A4-3865-43B2-9F12-3D2A4E5F8E7B}.Release|iPhone.Build.0 = Release|Any CPU
		{ED5526A4-3865-43B2-9F12-3D2A4E5F8E7B}.Release|iPhoneSimulator.ActiveCfg = Release|Any CPU
		{ED5526A4-3865-43B2-9F12-3D2A4E5F8E7B}.Release|iPhoneSimulator.Build.0 = Release|Any CPU
		{B9B36589-9387-4217-9F9C-D225C4F54D1C}.Ad-Hoc|Any CPU.ActiveCfg = Debug|Any CPU
		{B9B36589-9387-4217-9F9C-D225C4F54D1C}.Ad-Hoc|Any CPU.Build.0 = Debug|Any CPU
		{B9B36589-9387-4217-9F9C-D225C4F54D1C}.Ad-Hoc|iPhone.ActiveCfg = Debug|Any CPU
		{B9B36589-9387-4217-9F9C-D225C4F54D1C}.Ad-Hoc|iPhone.Build.0 = Debug|Any CPU
		{B9B36589-9387-4217-9F9C-D225C4F54D1C}.Ad-Hoc|iPhoneSimulator.ActiveCfg = Debug|Any CPU
		{B9B36589-9387-4217-9F9C-D225C4F54D1C}.Ad-Hoc|iPhoneSimulator.Build.0 = Debug|Any CPU
		{B9B36589-9387-4217-9F9C-D225C4F54D1C}.AppStore|Any CPU.ActiveCfg = Debug|Any CPU
		{B9B36589-9387-4217-9F9C-D225C4F54D1C}.AppStore|Any CPU.Build.0 = Debug|Any CPU
		{B9B36589-9387-4217-9F9C-D225C4F54D1C}.AppStore|iPhone.ActiveCfg = Debug|Any CPU
		{B9B36589-9387-4217-9F9C-D225C4F54D1C}.AppStore|iPhone.Build.0 = Debug|Any CPU
		{B9B36589-9387-4217-9F9C-D225C4F54D1C}.AppStore|iPhoneSimulator.ActiveCfg = Debug|Any CPU
		{B9B36589-9387-4217-9F9C-D225C4F54D1C}.AppStore|iPhoneSimulator.Build.0 = Debug|Any CPU
		{B9B36589-9387-4217-9F9C-D225C4F54D1C}.Debug|Any CPU.ActiveCfg = Debug|Any CPU
		{B9B36589-9387-4217-9F9C-D225C4F54D1C}.Debug|Any CPU.Build.0 = Debug|Any CPU
		{B9B36589-9387-4217-9F9C-D225C4F54D1C}.Debug|iPhone.ActiveCfg = Debug|Any CPU
		{B9B36589-9387-4217-9F9C-D225C4F54D1C}.Debug|iPhone.Build.0 = Debug|Any CPU
		{B9B36589-9387-4217-9F9C-D225C4F54D1C}.Debug|iPhoneSimulator.ActiveCfg = Debug|Any CPU
		{B9B36589-9387-4217-9F9C-D225C4F54D1C}.Debug|iPhoneSimulator.Build.0 = Debug|Any CPU
		{B9B36589-9387-4217-9F9C-D225C4F54D1C}.Release|Any CPU.ActiveCfg = Release|Any CPU
		{B9B36589-9387-4217-9F9C-D225C4F54D1C}.Release|Any CPU.Build.0 = Release|Any CPU
		{B9B36589-9387-4217-9F9C-D225C4F54D1C}.Release|iPhone.ActiveCfg = Release|Any CPU
		{B9B36589-9387-4217-9F9C-D225C4F54D1C}.Release|iPhone.Build.0 = Release|Any CPU
		{B9B36589-9387-4217-9F9C-D225C4F54D1C}.Release|iPhoneSimulator.ActiveCfg = Release|Any CPU
		{B9B36589-9387-4217-9F9C-D225C4F54D1C}.Release|iPhoneSimulator.Build.0 = Release|Any CPU
		{2F426613-6ECC-440F-B9CD-5F2D46CAD82A}.Ad-Hoc|Any CPU.ActiveCfg = Debug|Any CPU
		{2F426613-6ECC-440F-B9CD-5F2D46CAD82A}.Ad-Hoc|Any CPU.Build.0 = Debug|Any CPU
		{2F426613-6ECC-440F-B9CD-5F2D46CAD82A}.Ad-Hoc|iPhone.ActiveCfg = Debug|Any CPU
		{2F426613-6ECC-440F-B9CD-5F2D46CAD82A}.Ad-Hoc|iPhone.Build.0 = Debug|Any CPU
		{2F426613-6ECC-440F-B9CD-5F2D46CAD82A}.Ad-Hoc|iPhoneSimulator.ActiveCfg = Debug|Any CPU
		{2F426613-6ECC-440F-B9CD-5F2D46CAD82A}.Ad-Hoc|iPhoneSimulator.Build.0 = Debug|Any CPU
		{2F426613-6ECC-440F-B9CD-5F2D46CAD82A}.AppStore|Any CPU.ActiveCfg = Debug|Any CPU
		{2F426613-6ECC-440F-B9CD-5F2D46CAD82A}.AppStore|Any CPU.Build.0 = Debug|Any CPU
		{2F426613-6ECC-440F-B9CD-5F2D46CAD82A}.AppStore|iPhone.ActiveCfg = Debug|Any CPU
		{2F426613-6ECC-440F-B9CD-5F2D46CAD82A}.AppStore|iPhone.Build.0 = Debug|Any CPU
		{2F426613-6ECC-440F-B9CD-5F2D46CAD82A}.AppStore|iPhoneSimulator.ActiveCfg = Debug|Any CPU
		{2F426613-6ECC-440F-B9CD-5F2D46CAD82A}.AppStore|iPhoneSimulator.Build.0 = Debug|Any CPU
		{2F426613-6ECC-440F-B9CD-5F2D46CAD82A}.Debug|Any CPU.ActiveCfg = Debug|Any CPU
		{2F426613-6ECC-440F-B9CD-5F2D46CAD82A}.Debug|Any CPU.Build.0 = Debug|Any CPU
		{2F426613-6ECC-440F-B9CD-5F2D46CAD82A}.Debug|iPhone.ActiveCfg = Debug|Any CPU
		{2F426613-6ECC-440F-B9CD-5F2D46CAD82A}.Debug|iPhone.Build.0 = Debug|Any CPU
		{2F426613-6ECC-440F-B9CD-5F2D46CAD82A}.Debug|iPhoneSimulator.ActiveCfg = Debug|Any CPU
		{2F426613-6ECC-440F-B9CD-5F2D46CAD82A}.Debug|iPhoneSimulator.Build.0 = Debug|Any CPU
		{2F426613-6ECC-440F-B9CD-5F2D46CAD82A}.Release|Any CPU.ActiveCfg = Release|Any CPU
		{2F426613-6ECC-440F-B9CD-5F2D46CAD82A}.Release|Any CPU.Build.0 = Release|Any CPU
		{2F426613-6ECC-440F-B9CD-5F2D46CAD82A}.Release|iPhone.ActiveCfg = Release|Any CPU
		{2F426613-6ECC-440F-B9CD-5F2D46CAD82A}.Release|iPhone.Build.0 = Release|Any CPU
		{2F426613-6ECC-440F-B9CD-5F2D46CAD82A}.Release|iPhoneSimulator.ActiveCfg = Release|Any CPU
		{2F426613-6ECC-440F-B9CD-5F2D46CAD82A}.Release|iPhoneSimulator.Build.0 = Release|Any CPU
		{0E7F07C6-65A3-4B32-9966-720B910317D3}.Ad-Hoc|Any CPU.ActiveCfg = Debug|Any CPU
		{0E7F07C6-65A3-4B32-9966-720B910317D3}.Ad-Hoc|Any CPU.Build.0 = Debug|Any CPU
		{0E7F07C6-65A3-4B32-9966-720B910317D3}.Ad-Hoc|iPhone.ActiveCfg = Debug|Any CPU
		{0E7F07C6-65A3-4B32-9966-720B910317D3}.Ad-Hoc|iPhone.Build.0 = Debug|Any CPU
		{0E7F07C6-65A3-4B32-9966-720B910317D3}.Ad-Hoc|iPhoneSimulator.ActiveCfg = Debug|Any CPU
		{0E7F07C6-65A3-4B32-9966-720B910317D3}.Ad-Hoc|iPhoneSimulator.Build.0 = Debug|Any CPU
		{0E7F07C6-65A3-4B32-9966-720B910317D3}.AppStore|Any CPU.ActiveCfg = Debug|Any CPU
		{0E7F07C6-65A3-4B32-9966-720B910317D3}.AppStore|Any CPU.Build.0 = Debug|Any CPU
		{0E7F07C6-65A3-4B32-9966-720B910317D3}.AppStore|iPhone.ActiveCfg = Debug|Any CPU
		{0E7F07C6-65A3-4B32-9966-720B910317D3}.AppStore|iPhone.Build.0 = Debug|Any CPU
		{0E7F07C6-65A3-4B32-9966-720B910317D3}.AppStore|iPhoneSimulator.ActiveCfg = Debug|Any CPU
		{0E7F07C6-65A3-4B32-9966-720B910317D3}.AppStore|iPhoneSimulator.Build.0 = Debug|Any CPU
		{0E7F07C6-65A3-4B32-9966-720B910317D3}.Debug|Any CPU.ActiveCfg = Debug|Any CPU
		{0E7F07C6-65A3-4B32-9966-720B910317D3}.Debug|Any CPU.Build.0 = Debug|Any CPU
		{0E7F07C6-65A3-4B32-9966-720B910317D3}.Debug|iPhone.ActiveCfg = Debug|Any CPU
		{0E7F07C6-65A3-4B32-9966-720B910317D3}.Debug|iPhone.Build.0 = Debug|Any CPU
		{0E7F07C6-65A3-4B32-9966-720B910317D3}.Debug|iPhoneSimulator.ActiveCfg = Debug|Any CPU
		{0E7F07C6-65A3-4B32-9966-720B910317D3}.Debug|iPhoneSimulator.Build.0 = Debug|Any CPU
		{0E7F07C6-65A3-4B32-9966-720B910317D3}.Release|Any CPU.ActiveCfg = Release|Any CPU
		{0E7F07C6-65A3-4B32-9966-720B910317D3}.Release|Any CPU.Build.0 = Release|Any CPU
		{0E7F07C6-65A3-4B32-9966-720B910317D3}.Release|iPhone.ActiveCfg = Release|Any CPU
		{0E7F07C6-65A3-4B32-9966-720B910317D3}.Release|iPhone.Build.0 = Release|Any CPU
		{0E7F07C6-65A3-4B32-9966-720B910317D3}.Release|iPhoneSimulator.ActiveCfg = Release|Any CPU
		{0E7F07C6-65A3-4B32-9966-720B910317D3}.Release|iPhoneSimulator.Build.0 = Release|Any CPU
	EndGlobalSection
	GlobalSection(SolutionProperties) = preSolution
		HideSolutionNode = FALSE
	EndGlobalSection
	GlobalSection(NestedProjects) = preSolution
		{032EC769-87F6-46CF-9097-0891007BF362} = {5D9B92E8-DBD4-4EBD-8427-37D41A147781}
		{61A11E2C-9083-430A-9706-CDF34ADEDDBF} = {5D9B92E8-DBD4-4EBD-8427-37D41A147781}
		{BA119A86-EF80-4854-95FC-7B0E2AED524A} = {5D9B92E8-DBD4-4EBD-8427-37D41A147781}
		{90E1C6BB-B9D6-4081-B0E1-ED1414C2060F} = {5D9B92E8-DBD4-4EBD-8427-37D41A147781}
		{2F426613-6ECC-440F-B9CD-5F2D46CAD82A} = {5D9B92E8-DBD4-4EBD-8427-37D41A147781}
		{0E7F07C6-65A3-4B32-9966-720B910317D3} = {A790698C-919E-4AD2-98BD-90FE74982679}
	EndGlobalSection
	GlobalSection(ExtensibilityGlobals) = postSolution
		SolutionGuid = {020121EE-EF29-420E-A832-D64AD5AFBFE6}
	EndGlobalSection
EndGlobal
