
Microsoft Visual Studio Solution File, Format Version 12.00
# Visual Studio 15
VisualStudioVersion = 15.0.27130.2010
MinimumVisualStudioVersion = 10.0.40219.1
Project("{6EC3EE1D-3C4E-46DD-8F32-0CC8E7565705}") = "Nikeza.Common", "..\Nikeza.Common\Nikeza.Common\Nikeza.Common.fsproj", "{90E1C6BB-B9D6-4081-B0E1-ED1414C2060F}"
EndProject
Project("{2150E333-8FDC-42A3-9474-1A3956D46DE8}") = "Integration", "Integration", "{5D9B92E8-DBD4-4EBD-8427-37D41A147781}"
EndProject
Project("{6EC3EE1D-3C4E-46DD-8F32-0CC8E7565705}") = "02_Profile.Domain", "Profile\02_Profile.Domain.fsproj", "{A98E9556-CF8A-46B3-9CF5-760C657A0850}"
EndProject
Project("{6EC3EE1D-3C4E-46DD-8F32-0CC8E7565705}") = "02_Subscriptions.Domain", "Subscriptions\02_Subscriptions.Domain.fsproj", "{ED5526A4-3865-43B2-9F12-3D2A4E5F8E7B}"
EndProject
Project("{6EC3EE1D-3C4E-46DD-8F32-0CC8E7565705}") = "02_Portfolio.Domain", "Portfolio\02_Portfolio.Domain.fsproj", "{B9B36589-9387-4217-9F9C-D225C4F54D1C}"
EndProject
Project("{6EC3EE1D-3C4E-46DD-8F32-0CC8E7565705}") = "Nikeza.Mobile.UILogic", "UILogic\Nikeza.Mobile.UILogic.fsproj", "{2F426613-6ECC-440F-B9CD-5F2D46CAD82A}"
EndProject
Project("{2150E333-8FDC-42A3-9474-1A3956D46DE8}") = "Tests", "Tests", "{A790698C-919E-4AD2-98BD-90FE74982679}"
EndProject
Project("{6EC3EE1D-3C4E-46DD-8F32-0CC8E7565705}") = "ExampleBased", "ExampleBased\ExampleBased.fsproj", "{0E7F07C6-65A3-4B32-9966-720B910317D3}"
EndProject
Project("{FAE04EC0-301F-11D3-BF4B-00C04F79EFBC}") = "XForms.Android", "XForms\XForms.Android\XForms.Android.csproj", "{34F64067-31E4-4D5D-8392-A9B813F1E9A2}"
EndProject
Project("{9A19103F-16F7-4668-BE54-9A1E7A4F7556}") = "XForms", "XForms\XForms\XForms.csproj", "{2659E0CF-9AC4-4F94-BB2E-9ECB7526DFD1}"
EndProject
Project("{F2A71F9B-5D33-465A-A702-920D77279786}") = "Nikeza.Mobile.AppLogic", "AppLogic\Nikeza.Mobile.AppLogic.fsproj", "{4756B54E-7164-4426-BBA8-ECD8D264416C}"
EndProject
Project("{F2A71F9B-5D33-465A-A702-920D77279786}") = "02_Access.Domain", "Nieza.Mobile.Access\02_Access.Domain.fsproj", "{47BE763B-1585-4474-A91B-2E2F5E65FF60}"
EndProject
Project("{9A19103F-16F7-4668-BE54-9A1E7A4F7556}") = "Nikeza.Mobile.UI", "Nikeza.Mobile.UI\Nikeza.Mobile.UI.csproj", "{732C1781-BD9E-4CB8-90CC-82A0549B7780}"
EndProject
Project("{6EC3EE1D-3C4E-46DD-8F32-0CC8E7565705}") = "00_Access.Specification", "Nikeza.Mobile.Specification\00_Access.Specification.fsproj", "{4BCB41F3-1451-4A33-9B16-A0F214900E2E}"
EndProject
Project("{6EC3EE1D-3C4E-46DD-8F32-0CC8E7565705}") = "00_Portfolio.Specification", "Nikeza.Portfolio.Specification\00_Portfolio.Specification.fsproj", "{792772B0-3B4F-4984-A6D7-9D1AF18FD5E1}"
EndProject
Project("{6EC3EE1D-3C4E-46DD-8F32-0CC8E7565705}") = "00_Portal.Specification", "Nikeza.Profile.Specification\00_Portal.Specification.fsproj", "{791A94B6-1D0D-4317-A2FB-937B754BDB5D}"
EndProject
Project("{2150E333-8FDC-42A3-9474-1A3956D46DE8}") = "01_Access", "01_Access", "{3F063338-2C9C-4E6B-9411-F295CCAA73AE}"
EndProject
Project("{6EC3EE1D-3C4E-46DD-8F32-0CC8E7565705}") = "03_Access.EventHandlers", "Access.EventHandlers\03_Access.EventHandlers.fsproj", "{6E6E4DF8-5A6A-4408-B74E-D7EE9E6F7F2C}"
EndProject
Project("{6EC3EE1D-3C4E-46DD-8F32-0CC8E7565705}") = "01_Access.UILogic", "Access.UILogic\01_Access.UILogic.fsproj", "{0CCE5288-1316-4F5D-88BA-C54E605E035D}"
EndProject
Project("{6EC3EE1D-3C4E-46DD-8F32-0CC8E7565705}") = "04_Access.DataStore", "Access.DataStore\04_Access.DataStore.fsproj", "{B6DEEC21-2101-4049-91A4-824DBAEA6041}"
EndProject
Project("{2150E333-8FDC-42A3-9474-1A3956D46DE8}") = "03_Portfolio", "03_Portfolio", "{5D3EE41A-04DC-491B-8970-AC9A7E0CCEA1}"
EndProject
Project("{6EC3EE1D-3C4E-46DD-8F32-0CC8E7565705}") = "01_Portfolio.UILogic", "01_Portfolio.UILogic\01_Portfolio.UILogic.fsproj", "{A3179F5A-72A8-4787-B7B5-8800DD3A093A}"
EndProject
Project("{6EC3EE1D-3C4E-46DD-8F32-0CC8E7565705}") = "04_Portfolio.DataStore", "Portfolio.DataStore\04_Portfolio.DataStore.fsproj", "{137839B3-75DD-4A2F-8B55-41A8D9CBD302}"
EndProject
Project("{2150E333-8FDC-42A3-9474-1A3956D46DE8}") = "04_Subscriptions", "04_Subscriptions", "{8177756C-9568-41CC-903B-4E16E8079592}"
EndProject
Project("{6EC3EE1D-3C4E-46DD-8F32-0CC8E7565705}") = "01_Subscriptions.UILogic", "Subscriptions.UILogic\01_Subscriptions.UILogic.fsproj", "{F50B8818-229C-46F5-95DC-BBD95D0BBDAE}"
EndProject
Project("{6EC3EE1D-3C4E-46DD-8F32-0CC8E7565705}") = "03_Portfolio.EventHandlers", "Portfolio.EventHandlers\03_Portfolio.EventHandlers.fsproj", "{E2F30E5D-9967-4266-A45E-A35909C6706B}"
EndProject
Project("{6EC3EE1D-3C4E-46DD-8F32-0CC8E7565705}") = "00_Subscriptions.Specification", "Subscriptions.Specification\00_Subscriptions.Specification.fsproj", "{CD7B13F4-C755-4D26-A36D-714162402CA3}"
EndProject
Project("{2150E333-8FDC-42A3-9474-1A3956D46DE8}") = "02_Portal", "02_Portal", "{DB8B23FE-9788-44AA-8E81-C2FCF35674A2}"
EndProject
Project("{6EC3EE1D-3C4E-46DD-8F32-0CC8E7565705}") = "01_Portal.UILogic", "Profile.UILogic\01_Portal.UILogic.fsproj", "{9430CC07-32B0-4F73-A1A3-4647D2DAC2BD}"
EndProject
Project("{6EC3EE1D-3C4E-46DD-8F32-0CC8E7565705}") = "03_Portal.EventHandlers", "EventHandlers\03_Portal.EventHandlers.fsproj", "{6511B126-B631-42F9-8864-5CA054912B7B}"
EndProject
Project("{6EC3EE1D-3C4E-46DD-8F32-0CC8E7565705}") = "04_Portal.DataStore", "Portal.DataStore\04_Portal.DataStore.fsproj", "{945584F5-16E5-4788-9BB9-2B07095D973F}"
EndProject
Project("{6EC3EE1D-3C4E-46DD-8F32-0CC8E7565705}") = "03_Subscriptions.EventHandlers", "Subscriptions.EventHandlers\03_Subscriptions.EventHandlers.fsproj", "{98F3EE97-A846-4AB5-B464-FD699F7150A9}"
EndProject
Project("{6EC3EE1D-3C4E-46DD-8F32-0CC8E7565705}") = "04_Subscriptions.DataStore", "Subscriptions.DataStore\04_Subscriptions.DataStore.fsproj", "{39991A6C-6B2F-439C-90E8-F3362381BD8F}"
EndProject
Project("{2150E333-8FDC-42A3-9474-1A3956D46DE8}") = "Domains", "Domains", "{B065C82D-66EE-41DA-A10F-02566E6BA7D9}"
EndProject
Project("{6EC3EE1D-3C4E-46DD-8F32-0CC8E7565705}") = "05_Portal.Tests", "Portal.Tests\05_Portal.Tests.fsproj", "{18AFBAE7-9048-4F6F-AB78-FC2E58DE2F94}"
EndProject
Project("{6EC3EE1D-3C4E-46DD-8F32-0CC8E7565705}") = "05_Portfolio.Tests", "Portfolio.Tests\05_Portfolio.Tests.fsproj", "{F0456866-185E-4D25-8351-D9ADE0409864}"
EndProject
Project("{6EC3EE1D-3C4E-46DD-8F32-0CC8E7565705}") = "05_Subscriptions.Tests", "Subscriptions.Tests\05_Subscriptions.Tests.fsproj", "{C31BB1A3-917C-4B2C-9F15-7B7EB7F16E7D}"
EndProject
Project("{F2A71F9B-5D33-465A-A702-920D77279786}") = "05_Access.Tests", "Access.Tests2\05_Access.Tests.fsproj", "{F3B15DB0-1B07-4AC2-BFAC-0827C6277267}"
EndProject
Global
	GlobalSection(SolutionConfigurationPlatforms) = preSolution
		Ad-Hoc|Any CPU = Ad-Hoc|Any CPU
		Ad-Hoc|iPhone = Ad-Hoc|iPhone
		Ad-Hoc|iPhoneSimulator = Ad-Hoc|iPhoneSimulator
		AppStore|Any CPU = AppStore|Any CPU
		AppStore|iPhone = AppStore|iPhone
		AppStore|iPhoneSimulator = AppStore|iPhoneSimulator
		Debug|Any CPU = Debug|Any CPU
		Debug|iPhone = Debug|iPhone
		Debug|iPhoneSimulator = Debug|iPhoneSimulator
		Release|Any CPU = Release|Any CPU
		Release|iPhone = Release|iPhone
		Release|iPhoneSimulator = Release|iPhoneSimulator
	EndGlobalSection
	GlobalSection(ProjectConfigurationPlatforms) = postSolution
		{90E1C6BB-B9D6-4081-B0E1-ED1414C2060F}.Ad-Hoc|Any CPU.ActiveCfg = Debug|Any CPU
		{90E1C6BB-B9D6-4081-B0E1-ED1414C2060F}.Ad-Hoc|Any CPU.Build.0 = Debug|Any CPU
		{90E1C6BB-B9D6-4081-B0E1-ED1414C2060F}.Ad-Hoc|iPhone.ActiveCfg = Debug|Any CPU
		{90E1C6BB-B9D6-4081-B0E1-ED1414C2060F}.Ad-Hoc|iPhone.Build.0 = Debug|Any CPU
		{90E1C6BB-B9D6-4081-B0E1-ED1414C2060F}.Ad-Hoc|iPhoneSimulator.ActiveCfg = Debug|Any CPU
		{90E1C6BB-B9D6-4081-B0E1-ED1414C2060F}.Ad-Hoc|iPhoneSimulator.Build.0 = Debug|Any CPU
		{90E1C6BB-B9D6-4081-B0E1-ED1414C2060F}.AppStore|Any CPU.ActiveCfg = Debug|Any CPU
		{90E1C6BB-B9D6-4081-B0E1-ED1414C2060F}.AppStore|Any CPU.Build.0 = Debug|Any CPU
		{90E1C6BB-B9D6-4081-B0E1-ED1414C2060F}.AppStore|iPhone.ActiveCfg = Debug|Any CPU
		{90E1C6BB-B9D6-4081-B0E1-ED1414C2060F}.AppStore|iPhone.Build.0 = Debug|Any CPU
		{90E1C6BB-B9D6-4081-B0E1-ED1414C2060F}.AppStore|iPhoneSimulator.ActiveCfg = Debug|Any CPU
		{90E1C6BB-B9D6-4081-B0E1-ED1414C2060F}.AppStore|iPhoneSimulator.Build.0 = Debug|Any CPU
		{90E1C6BB-B9D6-4081-B0E1-ED1414C2060F}.Debug|Any CPU.ActiveCfg = Debug|Any CPU
		{90E1C6BB-B9D6-4081-B0E1-ED1414C2060F}.Debug|Any CPU.Build.0 = Debug|Any CPU
		{90E1C6BB-B9D6-4081-B0E1-ED1414C2060F}.Debug|iPhone.ActiveCfg = Debug|Any CPU
		{90E1C6BB-B9D6-4081-B0E1-ED1414C2060F}.Debug|iPhone.Build.0 = Debug|Any CPU
		{90E1C6BB-B9D6-4081-B0E1-ED1414C2060F}.Debug|iPhoneSimulator.ActiveCfg = Debug|Any CPU
		{90E1C6BB-B9D6-4081-B0E1-ED1414C2060F}.Debug|iPhoneSimulator.Build.0 = Debug|Any CPU
		{90E1C6BB-B9D6-4081-B0E1-ED1414C2060F}.Release|Any CPU.ActiveCfg = Release|Any CPU
		{90E1C6BB-B9D6-4081-B0E1-ED1414C2060F}.Release|Any CPU.Build.0 = Release|Any CPU
		{90E1C6BB-B9D6-4081-B0E1-ED1414C2060F}.Release|iPhone.ActiveCfg = Release|Any CPU
		{90E1C6BB-B9D6-4081-B0E1-ED1414C2060F}.Release|iPhone.Build.0 = Release|Any CPU
		{90E1C6BB-B9D6-4081-B0E1-ED1414C2060F}.Release|iPhoneSimulator.ActiveCfg = Release|Any CPU
		{90E1C6BB-B9D6-4081-B0E1-ED1414C2060F}.Release|iPhoneSimulator.Build.0 = Release|Any CPU
		{A98E9556-CF8A-46B3-9CF5-760C657A0850}.Ad-Hoc|Any CPU.ActiveCfg = Debug|Any CPU
		{A98E9556-CF8A-46B3-9CF5-760C657A0850}.Ad-Hoc|Any CPU.Build.0 = Debug|Any CPU
		{A98E9556-CF8A-46B3-9CF5-760C657A0850}.Ad-Hoc|iPhone.ActiveCfg = Debug|Any CPU
		{A98E9556-CF8A-46B3-9CF5-760C657A0850}.Ad-Hoc|iPhone.Build.0 = Debug|Any CPU
		{A98E9556-CF8A-46B3-9CF5-760C657A0850}.Ad-Hoc|iPhoneSimulator.ActiveCfg = Debug|Any CPU
		{A98E9556-CF8A-46B3-9CF5-760C657A0850}.Ad-Hoc|iPhoneSimulator.Build.0 = Debug|Any CPU
		{A98E9556-CF8A-46B3-9CF5-760C657A0850}.AppStore|Any CPU.ActiveCfg = Debug|Any CPU
		{A98E9556-CF8A-46B3-9CF5-760C657A0850}.AppStore|Any CPU.Build.0 = Debug|Any CPU
		{A98E9556-CF8A-46B3-9CF5-760C657A0850}.AppStore|iPhone.ActiveCfg = Debug|Any CPU
		{A98E9556-CF8A-46B3-9CF5-760C657A0850}.AppStore|iPhone.Build.0 = Debug|Any CPU
		{A98E9556-CF8A-46B3-9CF5-760C657A0850}.AppStore|iPhoneSimulator.ActiveCfg = Debug|Any CPU
		{A98E9556-CF8A-46B3-9CF5-760C657A0850}.AppStore|iPhoneSimulator.Build.0 = Debug|Any CPU
		{A98E9556-CF8A-46B3-9CF5-760C657A0850}.Debug|Any CPU.ActiveCfg = Debug|Any CPU
		{A98E9556-CF8A-46B3-9CF5-760C657A0850}.Debug|Any CPU.Build.0 = Debug|Any CPU
		{A98E9556-CF8A-46B3-9CF5-760C657A0850}.Debug|iPhone.ActiveCfg = Debug|Any CPU
		{A98E9556-CF8A-46B3-9CF5-760C657A0850}.Debug|iPhone.Build.0 = Debug|Any CPU
		{A98E9556-CF8A-46B3-9CF5-760C657A0850}.Debug|iPhoneSimulator.ActiveCfg = Debug|Any CPU
		{A98E9556-CF8A-46B3-9CF5-760C657A0850}.Debug|iPhoneSimulator.Build.0 = Debug|Any CPU
		{A98E9556-CF8A-46B3-9CF5-760C657A0850}.Release|Any CPU.ActiveCfg = Release|Any CPU
		{A98E9556-CF8A-46B3-9CF5-760C657A0850}.Release|Any CPU.Build.0 = Release|Any CPU
		{A98E9556-CF8A-46B3-9CF5-760C657A0850}.Release|iPhone.ActiveCfg = Release|Any CPU
		{A98E9556-CF8A-46B3-9CF5-760C657A0850}.Release|iPhone.Build.0 = Release|Any CPU
		{A98E9556-CF8A-46B3-9CF5-760C657A0850}.Release|iPhoneSimulator.ActiveCfg = Release|Any CPU
		{A98E9556-CF8A-46B3-9CF5-760C657A0850}.Release|iPhoneSimulator.Build.0 = Release|Any CPU
		{ED5526A4-3865-43B2-9F12-3D2A4E5F8E7B}.Ad-Hoc|Any CPU.ActiveCfg = Debug|Any CPU
		{ED5526A4-3865-43B2-9F12-3D2A4E5F8E7B}.Ad-Hoc|Any CPU.Build.0 = Debug|Any CPU
		{ED5526A4-3865-43B2-9F12-3D2A4E5F8E7B}.Ad-Hoc|iPhone.ActiveCfg = Debug|Any CPU
		{ED5526A4-3865-43B2-9F12-3D2A4E5F8E7B}.Ad-Hoc|iPhone.Build.0 = Debug|Any CPU
		{ED5526A4-3865-43B2-9F12-3D2A4E5F8E7B}.Ad-Hoc|iPhoneSimulator.ActiveCfg = Debug|Any CPU
		{ED5526A4-3865-43B2-9F12-3D2A4E5F8E7B}.Ad-Hoc|iPhoneSimulator.Build.0 = Debug|Any CPU
		{ED5526A4-3865-43B2-9F12-3D2A4E5F8E7B}.AppStore|Any CPU.ActiveCfg = Debug|Any CPU
		{ED5526A4-3865-43B2-9F12-3D2A4E5F8E7B}.AppStore|Any CPU.Build.0 = Debug|Any CPU
		{ED5526A4-3865-43B2-9F12-3D2A4E5F8E7B}.AppStore|iPhone.ActiveCfg = Debug|Any CPU
		{ED5526A4-3865-43B2-9F12-3D2A4E5F8E7B}.AppStore|iPhone.Build.0 = Debug|Any CPU
		{ED5526A4-3865-43B2-9F12-3D2A4E5F8E7B}.AppStore|iPhoneSimulator.ActiveCfg = Debug|Any CPU
		{ED5526A4-3865-43B2-9F12-3D2A4E5F8E7B}.AppStore|iPhoneSimulator.Build.0 = Debug|Any CPU
		{ED5526A4-3865-43B2-9F12-3D2A4E5F8E7B}.Debug|Any CPU.ActiveCfg = Debug|Any CPU
		{ED5526A4-3865-43B2-9F12-3D2A4E5F8E7B}.Debug|Any CPU.Build.0 = Debug|Any CPU
		{ED5526A4-3865-43B2-9F12-3D2A4E5F8E7B}.Debug|iPhone.ActiveCfg = Debug|Any CPU
		{ED5526A4-3865-43B2-9F12-3D2A4E5F8E7B}.Debug|iPhone.Build.0 = Debug|Any CPU
		{ED5526A4-3865-43B2-9F12-3D2A4E5F8E7B}.Debug|iPhoneSimulator.ActiveCfg = Debug|Any CPU
		{ED5526A4-3865-43B2-9F12-3D2A4E5F8E7B}.Debug|iPhoneSimulator.Build.0 = Debug|Any CPU
		{ED5526A4-3865-43B2-9F12-3D2A4E5F8E7B}.Release|Any CPU.ActiveCfg = Release|Any CPU
		{ED5526A4-3865-43B2-9F12-3D2A4E5F8E7B}.Release|Any CPU.Build.0 = Release|Any CPU
		{ED5526A4-3865-43B2-9F12-3D2A4E5F8E7B}.Release|iPhone.ActiveCfg = Release|Any CPU
		{ED5526A4-3865-43B2-9F12-3D2A4E5F8E7B}.Release|iPhone.Build.0 = Release|Any CPU
		{ED5526A4-3865-43B2-9F12-3D2A4E5F8E7B}.Release|iPhoneSimulator.ActiveCfg = Release|Any CPU
		{ED5526A4-3865-43B2-9F12-3D2A4E5F8E7B}.Release|iPhoneSimulator.Build.0 = Release|Any CPU
		{B9B36589-9387-4217-9F9C-D225C4F54D1C}.Ad-Hoc|Any CPU.ActiveCfg = Debug|Any CPU
		{B9B36589-9387-4217-9F9C-D225C4F54D1C}.Ad-Hoc|Any CPU.Build.0 = Debug|Any CPU
		{B9B36589-9387-4217-9F9C-D225C4F54D1C}.Ad-Hoc|iPhone.ActiveCfg = Debug|Any CPU
		{B9B36589-9387-4217-9F9C-D225C4F54D1C}.Ad-Hoc|iPhone.Build.0 = Debug|Any CPU
		{B9B36589-9387-4217-9F9C-D225C4F54D1C}.Ad-Hoc|iPhoneSimulator.ActiveCfg = Debug|Any CPU
		{B9B36589-9387-4217-9F9C-D225C4F54D1C}.Ad-Hoc|iPhoneSimulator.Build.0 = Debug|Any CPU
		{B9B36589-9387-4217-9F9C-D225C4F54D1C}.AppStore|Any CPU.ActiveCfg = Debug|Any CPU
		{B9B36589-9387-4217-9F9C-D225C4F54D1C}.AppStore|Any CPU.Build.0 = Debug|Any CPU
		{B9B36589-9387-4217-9F9C-D225C4F54D1C}.AppStore|iPhone.ActiveCfg = Debug|Any CPU
		{B9B36589-9387-4217-9F9C-D225C4F54D1C}.AppStore|iPhone.Build.0 = Debug|Any CPU
		{B9B36589-9387-4217-9F9C-D225C4F54D1C}.AppStore|iPhoneSimulator.ActiveCfg = Debug|Any CPU
		{B9B36589-9387-4217-9F9C-D225C4F54D1C}.AppStore|iPhoneSimulator.Build.0 = Debug|Any CPU
		{B9B36589-9387-4217-9F9C-D225C4F54D1C}.Debug|Any CPU.ActiveCfg = Debug|Any CPU
		{B9B36589-9387-4217-9F9C-D225C4F54D1C}.Debug|Any CPU.Build.0 = Debug|Any CPU
		{B9B36589-9387-4217-9F9C-D225C4F54D1C}.Debug|iPhone.ActiveCfg = Debug|Any CPU
		{B9B36589-9387-4217-9F9C-D225C4F54D1C}.Debug|iPhone.Build.0 = Debug|Any CPU
		{B9B36589-9387-4217-9F9C-D225C4F54D1C}.Debug|iPhoneSimulator.ActiveCfg = Debug|Any CPU
		{B9B36589-9387-4217-9F9C-D225C4F54D1C}.Debug|iPhoneSimulator.Build.0 = Debug|Any CPU
		{B9B36589-9387-4217-9F9C-D225C4F54D1C}.Release|Any CPU.ActiveCfg = Release|Any CPU
		{B9B36589-9387-4217-9F9C-D225C4F54D1C}.Release|Any CPU.Build.0 = Release|Any CPU
		{B9B36589-9387-4217-9F9C-D225C4F54D1C}.Release|iPhone.ActiveCfg = Release|Any CPU
		{B9B36589-9387-4217-9F9C-D225C4F54D1C}.Release|iPhone.Build.0 = Release|Any CPU
		{B9B36589-9387-4217-9F9C-D225C4F54D1C}.Release|iPhoneSimulator.ActiveCfg = Release|Any CPU
		{B9B36589-9387-4217-9F9C-D225C4F54D1C}.Release|iPhoneSimulator.Build.0 = Release|Any CPU
		{2F426613-6ECC-440F-B9CD-5F2D46CAD82A}.Ad-Hoc|Any CPU.ActiveCfg = Debug|Any CPU
		{2F426613-6ECC-440F-B9CD-5F2D46CAD82A}.Ad-Hoc|Any CPU.Build.0 = Debug|Any CPU
		{2F426613-6ECC-440F-B9CD-5F2D46CAD82A}.Ad-Hoc|iPhone.ActiveCfg = Debug|Any CPU
		{2F426613-6ECC-440F-B9CD-5F2D46CAD82A}.Ad-Hoc|iPhone.Build.0 = Debug|Any CPU
		{2F426613-6ECC-440F-B9CD-5F2D46CAD82A}.Ad-Hoc|iPhoneSimulator.ActiveCfg = Debug|Any CPU
		{2F426613-6ECC-440F-B9CD-5F2D46CAD82A}.Ad-Hoc|iPhoneSimulator.Build.0 = Debug|Any CPU
		{2F426613-6ECC-440F-B9CD-5F2D46CAD82A}.AppStore|Any CPU.ActiveCfg = Debug|Any CPU
		{2F426613-6ECC-440F-B9CD-5F2D46CAD82A}.AppStore|Any CPU.Build.0 = Debug|Any CPU
		{2F426613-6ECC-440F-B9CD-5F2D46CAD82A}.AppStore|iPhone.ActiveCfg = Debug|Any CPU
		{2F426613-6ECC-440F-B9CD-5F2D46CAD82A}.AppStore|iPhone.Build.0 = Debug|Any CPU
		{2F426613-6ECC-440F-B9CD-5F2D46CAD82A}.AppStore|iPhoneSimulator.ActiveCfg = Debug|Any CPU
		{2F426613-6ECC-440F-B9CD-5F2D46CAD82A}.AppStore|iPhoneSimulator.Build.0 = Debug|Any CPU
		{2F426613-6ECC-440F-B9CD-5F2D46CAD82A}.Debug|Any CPU.ActiveCfg = Debug|Any CPU
		{2F426613-6ECC-440F-B9CD-5F2D46CAD82A}.Debug|Any CPU.Build.0 = Debug|Any CPU
		{2F426613-6ECC-440F-B9CD-5F2D46CAD82A}.Debug|iPhone.ActiveCfg = Debug|Any CPU
		{2F426613-6ECC-440F-B9CD-5F2D46CAD82A}.Debug|iPhone.Build.0 = Debug|Any CPU
		{2F426613-6ECC-440F-B9CD-5F2D46CAD82A}.Debug|iPhoneSimulator.ActiveCfg = Debug|Any CPU
		{2F426613-6ECC-440F-B9CD-5F2D46CAD82A}.Debug|iPhoneSimulator.Build.0 = Debug|Any CPU
		{2F426613-6ECC-440F-B9CD-5F2D46CAD82A}.Release|Any CPU.ActiveCfg = Release|Any CPU
		{2F426613-6ECC-440F-B9CD-5F2D46CAD82A}.Release|Any CPU.Build.0 = Release|Any CPU
		{2F426613-6ECC-440F-B9CD-5F2D46CAD82A}.Release|iPhone.ActiveCfg = Release|Any CPU
		{2F426613-6ECC-440F-B9CD-5F2D46CAD82A}.Release|iPhone.Build.0 = Release|Any CPU
		{2F426613-6ECC-440F-B9CD-5F2D46CAD82A}.Release|iPhoneSimulator.ActiveCfg = Release|Any CPU
		{2F426613-6ECC-440F-B9CD-5F2D46CAD82A}.Release|iPhoneSimulator.Build.0 = Release|Any CPU
		{0E7F07C6-65A3-4B32-9966-720B910317D3}.Ad-Hoc|Any CPU.ActiveCfg = Debug|Any CPU
		{0E7F07C6-65A3-4B32-9966-720B910317D3}.Ad-Hoc|Any CPU.Build.0 = Debug|Any CPU
		{0E7F07C6-65A3-4B32-9966-720B910317D3}.Ad-Hoc|iPhone.ActiveCfg = Debug|Any CPU
		{0E7F07C6-65A3-4B32-9966-720B910317D3}.Ad-Hoc|iPhone.Build.0 = Debug|Any CPU
		{0E7F07C6-65A3-4B32-9966-720B910317D3}.Ad-Hoc|iPhoneSimulator.ActiveCfg = Debug|Any CPU
		{0E7F07C6-65A3-4B32-9966-720B910317D3}.Ad-Hoc|iPhoneSimulator.Build.0 = Debug|Any CPU
		{0E7F07C6-65A3-4B32-9966-720B910317D3}.AppStore|Any CPU.ActiveCfg = Debug|Any CPU
		{0E7F07C6-65A3-4B32-9966-720B910317D3}.AppStore|Any CPU.Build.0 = Debug|Any CPU
		{0E7F07C6-65A3-4B32-9966-720B910317D3}.AppStore|iPhone.ActiveCfg = Debug|Any CPU
		{0E7F07C6-65A3-4B32-9966-720B910317D3}.AppStore|iPhone.Build.0 = Debug|Any CPU
		{0E7F07C6-65A3-4B32-9966-720B910317D3}.AppStore|iPhoneSimulator.ActiveCfg = Debug|Any CPU
		{0E7F07C6-65A3-4B32-9966-720B910317D3}.AppStore|iPhoneSimulator.Build.0 = Debug|Any CPU
		{0E7F07C6-65A3-4B32-9966-720B910317D3}.Debug|Any CPU.ActiveCfg = Debug|Any CPU
		{0E7F07C6-65A3-4B32-9966-720B910317D3}.Debug|Any CPU.Build.0 = Debug|Any CPU
		{0E7F07C6-65A3-4B32-9966-720B910317D3}.Debug|iPhone.ActiveCfg = Debug|Any CPU
		{0E7F07C6-65A3-4B32-9966-720B910317D3}.Debug|iPhone.Build.0 = Debug|Any CPU
		{0E7F07C6-65A3-4B32-9966-720B910317D3}.Debug|iPhoneSimulator.ActiveCfg = Debug|Any CPU
		{0E7F07C6-65A3-4B32-9966-720B910317D3}.Debug|iPhoneSimulator.Build.0 = Debug|Any CPU
		{0E7F07C6-65A3-4B32-9966-720B910317D3}.Release|Any CPU.ActiveCfg = Release|Any CPU
		{0E7F07C6-65A3-4B32-9966-720B910317D3}.Release|Any CPU.Build.0 = Release|Any CPU
		{0E7F07C6-65A3-4B32-9966-720B910317D3}.Release|iPhone.ActiveCfg = Release|Any CPU
		{0E7F07C6-65A3-4B32-9966-720B910317D3}.Release|iPhone.Build.0 = Release|Any CPU
		{0E7F07C6-65A3-4B32-9966-720B910317D3}.Release|iPhoneSimulator.ActiveCfg = Release|Any CPU
		{0E7F07C6-65A3-4B32-9966-720B910317D3}.Release|iPhoneSimulator.Build.0 = Release|Any CPU
		{34F64067-31E4-4D5D-8392-A9B813F1E9A2}.Ad-Hoc|Any CPU.ActiveCfg = Release|Any CPU
		{34F64067-31E4-4D5D-8392-A9B813F1E9A2}.Ad-Hoc|Any CPU.Build.0 = Release|Any CPU
		{34F64067-31E4-4D5D-8392-A9B813F1E9A2}.Ad-Hoc|Any CPU.Deploy.0 = Release|Any CPU
		{34F64067-31E4-4D5D-8392-A9B813F1E9A2}.Ad-Hoc|iPhone.ActiveCfg = Release|Any CPU
		{34F64067-31E4-4D5D-8392-A9B813F1E9A2}.Ad-Hoc|iPhone.Build.0 = Release|Any CPU
		{34F64067-31E4-4D5D-8392-A9B813F1E9A2}.Ad-Hoc|iPhone.Deploy.0 = Release|Any CPU
		{34F64067-31E4-4D5D-8392-A9B813F1E9A2}.Ad-Hoc|iPhoneSimulator.ActiveCfg = Release|Any CPU
		{34F64067-31E4-4D5D-8392-A9B813F1E9A2}.Ad-Hoc|iPhoneSimulator.Build.0 = Release|Any CPU
		{34F64067-31E4-4D5D-8392-A9B813F1E9A2}.Ad-Hoc|iPhoneSimulator.Deploy.0 = Release|Any CPU
		{34F64067-31E4-4D5D-8392-A9B813F1E9A2}.AppStore|Any CPU.ActiveCfg = Release|Any CPU
		{34F64067-31E4-4D5D-8392-A9B813F1E9A2}.AppStore|Any CPU.Build.0 = Release|Any CPU
		{34F64067-31E4-4D5D-8392-A9B813F1E9A2}.AppStore|Any CPU.Deploy.0 = Release|Any CPU
		{34F64067-31E4-4D5D-8392-A9B813F1E9A2}.AppStore|iPhone.ActiveCfg = Release|Any CPU
		{34F64067-31E4-4D5D-8392-A9B813F1E9A2}.AppStore|iPhone.Build.0 = Release|Any CPU
		{34F64067-31E4-4D5D-8392-A9B813F1E9A2}.AppStore|iPhone.Deploy.0 = Release|Any CPU
		{34F64067-31E4-4D5D-8392-A9B813F1E9A2}.AppStore|iPhoneSimulator.ActiveCfg = Release|Any CPU
		{34F64067-31E4-4D5D-8392-A9B813F1E9A2}.AppStore|iPhoneSimulator.Build.0 = Release|Any CPU
		{34F64067-31E4-4D5D-8392-A9B813F1E9A2}.AppStore|iPhoneSimulator.Deploy.0 = Release|Any CPU
		{34F64067-31E4-4D5D-8392-A9B813F1E9A2}.Debug|Any CPU.ActiveCfg = Debug|Any CPU
		{34F64067-31E4-4D5D-8392-A9B813F1E9A2}.Debug|Any CPU.Build.0 = Debug|Any CPU
		{34F64067-31E4-4D5D-8392-A9B813F1E9A2}.Debug|Any CPU.Deploy.0 = Debug|Any CPU
		{34F64067-31E4-4D5D-8392-A9B813F1E9A2}.Debug|iPhone.ActiveCfg = Debug|Any CPU
		{34F64067-31E4-4D5D-8392-A9B813F1E9A2}.Debug|iPhone.Build.0 = Debug|Any CPU
		{34F64067-31E4-4D5D-8392-A9B813F1E9A2}.Debug|iPhone.Deploy.0 = Debug|Any CPU
		{34F64067-31E4-4D5D-8392-A9B813F1E9A2}.Debug|iPhoneSimulator.ActiveCfg = Debug|Any CPU
		{34F64067-31E4-4D5D-8392-A9B813F1E9A2}.Debug|iPhoneSimulator.Build.0 = Debug|Any CPU
		{34F64067-31E4-4D5D-8392-A9B813F1E9A2}.Debug|iPhoneSimulator.Deploy.0 = Debug|Any CPU
		{34F64067-31E4-4D5D-8392-A9B813F1E9A2}.Release|Any CPU.ActiveCfg = Release|Any CPU
		{34F64067-31E4-4D5D-8392-A9B813F1E9A2}.Release|Any CPU.Build.0 = Release|Any CPU
		{34F64067-31E4-4D5D-8392-A9B813F1E9A2}.Release|Any CPU.Deploy.0 = Release|Any CPU
		{34F64067-31E4-4D5D-8392-A9B813F1E9A2}.Release|iPhone.ActiveCfg = Release|Any CPU
		{34F64067-31E4-4D5D-8392-A9B813F1E9A2}.Release|iPhone.Build.0 = Release|Any CPU
		{34F64067-31E4-4D5D-8392-A9B813F1E9A2}.Release|iPhone.Deploy.0 = Release|Any CPU
		{34F64067-31E4-4D5D-8392-A9B813F1E9A2}.Release|iPhoneSimulator.ActiveCfg = Release|Any CPU
		{34F64067-31E4-4D5D-8392-A9B813F1E9A2}.Release|iPhoneSimulator.Build.0 = Release|Any CPU
		{34F64067-31E4-4D5D-8392-A9B813F1E9A2}.Release|iPhoneSimulator.Deploy.0 = Release|Any CPU
		{2659E0CF-9AC4-4F94-BB2E-9ECB7526DFD1}.Ad-Hoc|Any CPU.ActiveCfg = Debug|Any CPU
		{2659E0CF-9AC4-4F94-BB2E-9ECB7526DFD1}.Ad-Hoc|Any CPU.Build.0 = Debug|Any CPU
		{2659E0CF-9AC4-4F94-BB2E-9ECB7526DFD1}.Ad-Hoc|iPhone.ActiveCfg = Debug|Any CPU
		{2659E0CF-9AC4-4F94-BB2E-9ECB7526DFD1}.Ad-Hoc|iPhone.Build.0 = Debug|Any CPU
		{2659E0CF-9AC4-4F94-BB2E-9ECB7526DFD1}.Ad-Hoc|iPhoneSimulator.ActiveCfg = Debug|Any CPU
		{2659E0CF-9AC4-4F94-BB2E-9ECB7526DFD1}.Ad-Hoc|iPhoneSimulator.Build.0 = Debug|Any CPU
		{2659E0CF-9AC4-4F94-BB2E-9ECB7526DFD1}.AppStore|Any CPU.ActiveCfg = Debug|Any CPU
		{2659E0CF-9AC4-4F94-BB2E-9ECB7526DFD1}.AppStore|Any CPU.Build.0 = Debug|Any CPU
		{2659E0CF-9AC4-4F94-BB2E-9ECB7526DFD1}.AppStore|iPhone.ActiveCfg = Debug|Any CPU
		{2659E0CF-9AC4-4F94-BB2E-9ECB7526DFD1}.AppStore|iPhone.Build.0 = Debug|Any CPU
		{2659E0CF-9AC4-4F94-BB2E-9ECB7526DFD1}.AppStore|iPhoneSimulator.ActiveCfg = Debug|Any CPU
		{2659E0CF-9AC4-4F94-BB2E-9ECB7526DFD1}.AppStore|iPhoneSimulator.Build.0 = Debug|Any CPU
		{2659E0CF-9AC4-4F94-BB2E-9ECB7526DFD1}.Debug|Any CPU.ActiveCfg = Debug|Any CPU
		{2659E0CF-9AC4-4F94-BB2E-9ECB7526DFD1}.Debug|Any CPU.Build.0 = Debug|Any CPU
		{2659E0CF-9AC4-4F94-BB2E-9ECB7526DFD1}.Debug|iPhone.ActiveCfg = Debug|Any CPU
		{2659E0CF-9AC4-4F94-BB2E-9ECB7526DFD1}.Debug|iPhone.Build.0 = Debug|Any CPU
		{2659E0CF-9AC4-4F94-BB2E-9ECB7526DFD1}.Debug|iPhoneSimulator.ActiveCfg = Debug|Any CPU
		{2659E0CF-9AC4-4F94-BB2E-9ECB7526DFD1}.Debug|iPhoneSimulator.Build.0 = Debug|Any CPU
		{2659E0CF-9AC4-4F94-BB2E-9ECB7526DFD1}.Release|Any CPU.ActiveCfg = Release|Any CPU
		{2659E0CF-9AC4-4F94-BB2E-9ECB7526DFD1}.Release|Any CPU.Build.0 = Release|Any CPU
		{2659E0CF-9AC4-4F94-BB2E-9ECB7526DFD1}.Release|iPhone.ActiveCfg = Release|Any CPU
		{2659E0CF-9AC4-4F94-BB2E-9ECB7526DFD1}.Release|iPhone.Build.0 = Release|Any CPU
		{2659E0CF-9AC4-4F94-BB2E-9ECB7526DFD1}.Release|iPhoneSimulator.ActiveCfg = Release|Any CPU
		{2659E0CF-9AC4-4F94-BB2E-9ECB7526DFD1}.Release|iPhoneSimulator.Build.0 = Release|Any CPU
		{4756B54E-7164-4426-BBA8-ECD8D264416C}.Ad-Hoc|Any CPU.ActiveCfg = Release|Any CPU
		{4756B54E-7164-4426-BBA8-ECD8D264416C}.Ad-Hoc|Any CPU.Build.0 = Release|Any CPU
		{4756B54E-7164-4426-BBA8-ECD8D264416C}.Ad-Hoc|iPhone.ActiveCfg = Release|Any CPU
		{4756B54E-7164-4426-BBA8-ECD8D264416C}.Ad-Hoc|iPhone.Build.0 = Release|Any CPU
		{4756B54E-7164-4426-BBA8-ECD8D264416C}.Ad-Hoc|iPhoneSimulator.ActiveCfg = Release|Any CPU
		{4756B54E-7164-4426-BBA8-ECD8D264416C}.Ad-Hoc|iPhoneSimulator.Build.0 = Release|Any CPU
		{4756B54E-7164-4426-BBA8-ECD8D264416C}.AppStore|Any CPU.ActiveCfg = Release|Any CPU
		{4756B54E-7164-4426-BBA8-ECD8D264416C}.AppStore|Any CPU.Build.0 = Release|Any CPU
		{4756B54E-7164-4426-BBA8-ECD8D264416C}.AppStore|iPhone.ActiveCfg = Release|Any CPU
		{4756B54E-7164-4426-BBA8-ECD8D264416C}.AppStore|iPhone.Build.0 = Release|Any CPU
		{4756B54E-7164-4426-BBA8-ECD8D264416C}.AppStore|iPhoneSimulator.ActiveCfg = Release|Any CPU
		{4756B54E-7164-4426-BBA8-ECD8D264416C}.AppStore|iPhoneSimulator.Build.0 = Release|Any CPU
		{4756B54E-7164-4426-BBA8-ECD8D264416C}.Debug|Any CPU.ActiveCfg = Debug|Any CPU
		{4756B54E-7164-4426-BBA8-ECD8D264416C}.Debug|Any CPU.Build.0 = Debug|Any CPU
		{4756B54E-7164-4426-BBA8-ECD8D264416C}.Debug|iPhone.ActiveCfg = Debug|Any CPU
		{4756B54E-7164-4426-BBA8-ECD8D264416C}.Debug|iPhone.Build.0 = Debug|Any CPU
		{4756B54E-7164-4426-BBA8-ECD8D264416C}.Debug|iPhoneSimulator.ActiveCfg = Debug|Any CPU
		{4756B54E-7164-4426-BBA8-ECD8D264416C}.Debug|iPhoneSimulator.Build.0 = Debug|Any CPU
		{4756B54E-7164-4426-BBA8-ECD8D264416C}.Release|Any CPU.ActiveCfg = Release|Any CPU
		{4756B54E-7164-4426-BBA8-ECD8D264416C}.Release|Any CPU.Build.0 = Release|Any CPU
		{4756B54E-7164-4426-BBA8-ECD8D264416C}.Release|iPhone.ActiveCfg = Release|Any CPU
		{4756B54E-7164-4426-BBA8-ECD8D264416C}.Release|iPhone.Build.0 = Release|Any CPU
		{4756B54E-7164-4426-BBA8-ECD8D264416C}.Release|iPhoneSimulator.ActiveCfg = Release|Any CPU
		{4756B54E-7164-4426-BBA8-ECD8D264416C}.Release|iPhoneSimulator.Build.0 = Release|Any CPU
		{47BE763B-1585-4474-A91B-2E2F5E65FF60}.Ad-Hoc|Any CPU.ActiveCfg = Release|Any CPU
		{47BE763B-1585-4474-A91B-2E2F5E65FF60}.Ad-Hoc|Any CPU.Build.0 = Release|Any CPU
		{47BE763B-1585-4474-A91B-2E2F5E65FF60}.Ad-Hoc|iPhone.ActiveCfg = Release|Any CPU
		{47BE763B-1585-4474-A91B-2E2F5E65FF60}.Ad-Hoc|iPhone.Build.0 = Release|Any CPU
		{47BE763B-1585-4474-A91B-2E2F5E65FF60}.Ad-Hoc|iPhoneSimulator.ActiveCfg = Release|Any CPU
		{47BE763B-1585-4474-A91B-2E2F5E65FF60}.Ad-Hoc|iPhoneSimulator.Build.0 = Release|Any CPU
		{47BE763B-1585-4474-A91B-2E2F5E65FF60}.AppStore|Any CPU.ActiveCfg = Release|Any CPU
		{47BE763B-1585-4474-A91B-2E2F5E65FF60}.AppStore|Any CPU.Build.0 = Release|Any CPU
		{47BE763B-1585-4474-A91B-2E2F5E65FF60}.AppStore|iPhone.ActiveCfg = Release|Any CPU
		{47BE763B-1585-4474-A91B-2E2F5E65FF60}.AppStore|iPhone.Build.0 = Release|Any CPU
		{47BE763B-1585-4474-A91B-2E2F5E65FF60}.AppStore|iPhoneSimulator.ActiveCfg = Release|Any CPU
		{47BE763B-1585-4474-A91B-2E2F5E65FF60}.AppStore|iPhoneSimulator.Build.0 = Release|Any CPU
		{47BE763B-1585-4474-A91B-2E2F5E65FF60}.Debug|Any CPU.ActiveCfg = Debug|Any CPU
		{47BE763B-1585-4474-A91B-2E2F5E65FF60}.Debug|Any CPU.Build.0 = Debug|Any CPU
		{47BE763B-1585-4474-A91B-2E2F5E65FF60}.Debug|iPhone.ActiveCfg = Debug|Any CPU
		{47BE763B-1585-4474-A91B-2E2F5E65FF60}.Debug|iPhone.Build.0 = Debug|Any CPU
		{47BE763B-1585-4474-A91B-2E2F5E65FF60}.Debug|iPhoneSimulator.ActiveCfg = Debug|Any CPU
		{47BE763B-1585-4474-A91B-2E2F5E65FF60}.Debug|iPhoneSimulator.Build.0 = Debug|Any CPU
		{47BE763B-1585-4474-A91B-2E2F5E65FF60}.Release|Any CPU.ActiveCfg = Release|Any CPU
		{47BE763B-1585-4474-A91B-2E2F5E65FF60}.Release|Any CPU.Build.0 = Release|Any CPU
		{47BE763B-1585-4474-A91B-2E2F5E65FF60}.Release|iPhone.ActiveCfg = Release|Any CPU
		{47BE763B-1585-4474-A91B-2E2F5E65FF60}.Release|iPhone.Build.0 = Release|Any CPU
		{47BE763B-1585-4474-A91B-2E2F5E65FF60}.Release|iPhoneSimulator.ActiveCfg = Release|Any CPU
		{47BE763B-1585-4474-A91B-2E2F5E65FF60}.Release|iPhoneSimulator.Build.0 = Release|Any CPU
		{732C1781-BD9E-4CB8-90CC-82A0549B7780}.Ad-Hoc|Any CPU.ActiveCfg = Debug|Any CPU
		{732C1781-BD9E-4CB8-90CC-82A0549B7780}.Ad-Hoc|Any CPU.Build.0 = Debug|Any CPU
		{732C1781-BD9E-4CB8-90CC-82A0549B7780}.Ad-Hoc|iPhone.ActiveCfg = Debug|Any CPU
		{732C1781-BD9E-4CB8-90CC-82A0549B7780}.Ad-Hoc|iPhone.Build.0 = Debug|Any CPU
		{732C1781-BD9E-4CB8-90CC-82A0549B7780}.Ad-Hoc|iPhoneSimulator.ActiveCfg = Debug|Any CPU
		{732C1781-BD9E-4CB8-90CC-82A0549B7780}.Ad-Hoc|iPhoneSimulator.Build.0 = Debug|Any CPU
		{732C1781-BD9E-4CB8-90CC-82A0549B7780}.AppStore|Any CPU.ActiveCfg = Debug|Any CPU
		{732C1781-BD9E-4CB8-90CC-82A0549B7780}.AppStore|Any CPU.Build.0 = Debug|Any CPU
		{732C1781-BD9E-4CB8-90CC-82A0549B7780}.AppStore|iPhone.ActiveCfg = Debug|Any CPU
		{732C1781-BD9E-4CB8-90CC-82A0549B7780}.AppStore|iPhone.Build.0 = Debug|Any CPU
		{732C1781-BD9E-4CB8-90CC-82A0549B7780}.AppStore|iPhoneSimulator.ActiveCfg = Debug|Any CPU
		{732C1781-BD9E-4CB8-90CC-82A0549B7780}.AppStore|iPhoneSimulator.Build.0 = Debug|Any CPU
		{732C1781-BD9E-4CB8-90CC-82A0549B7780}.Debug|Any CPU.ActiveCfg = Debug|Any CPU
		{732C1781-BD9E-4CB8-90CC-82A0549B7780}.Debug|Any CPU.Build.0 = Debug|Any CPU
		{732C1781-BD9E-4CB8-90CC-82A0549B7780}.Debug|iPhone.ActiveCfg = Debug|Any CPU
		{732C1781-BD9E-4CB8-90CC-82A0549B7780}.Debug|iPhone.Build.0 = Debug|Any CPU
		{732C1781-BD9E-4CB8-90CC-82A0549B7780}.Debug|iPhoneSimulator.ActiveCfg = Debug|Any CPU
		{732C1781-BD9E-4CB8-90CC-82A0549B7780}.Debug|iPhoneSimulator.Build.0 = Debug|Any CPU
		{732C1781-BD9E-4CB8-90CC-82A0549B7780}.Release|Any CPU.ActiveCfg = Release|Any CPU
		{732C1781-BD9E-4CB8-90CC-82A0549B7780}.Release|Any CPU.Build.0 = Release|Any CPU
		{732C1781-BD9E-4CB8-90CC-82A0549B7780}.Release|iPhone.ActiveCfg = Release|Any CPU
		{732C1781-BD9E-4CB8-90CC-82A0549B7780}.Release|iPhone.Build.0 = Release|Any CPU
		{732C1781-BD9E-4CB8-90CC-82A0549B7780}.Release|iPhoneSimulator.ActiveCfg = Release|Any CPU
		{732C1781-BD9E-4CB8-90CC-82A0549B7780}.Release|iPhoneSimulator.Build.0 = Release|Any CPU
		{4BCB41F3-1451-4A33-9B16-A0F214900E2E}.Ad-Hoc|Any CPU.ActiveCfg = Debug|Any CPU
		{4BCB41F3-1451-4A33-9B16-A0F214900E2E}.Ad-Hoc|Any CPU.Build.0 = Debug|Any CPU
		{4BCB41F3-1451-4A33-9B16-A0F214900E2E}.Ad-Hoc|iPhone.ActiveCfg = Debug|Any CPU
		{4BCB41F3-1451-4A33-9B16-A0F214900E2E}.Ad-Hoc|iPhone.Build.0 = Debug|Any CPU
		{4BCB41F3-1451-4A33-9B16-A0F214900E2E}.Ad-Hoc|iPhoneSimulator.ActiveCfg = Debug|Any CPU
		{4BCB41F3-1451-4A33-9B16-A0F214900E2E}.Ad-Hoc|iPhoneSimulator.Build.0 = Debug|Any CPU
		{4BCB41F3-1451-4A33-9B16-A0F214900E2E}.AppStore|Any CPU.ActiveCfg = Debug|Any CPU
		{4BCB41F3-1451-4A33-9B16-A0F214900E2E}.AppStore|Any CPU.Build.0 = Debug|Any CPU
		{4BCB41F3-1451-4A33-9B16-A0F214900E2E}.AppStore|iPhone.ActiveCfg = Debug|Any CPU
		{4BCB41F3-1451-4A33-9B16-A0F214900E2E}.AppStore|iPhone.Build.0 = Debug|Any CPU
		{4BCB41F3-1451-4A33-9B16-A0F214900E2E}.AppStore|iPhoneSimulator.ActiveCfg = Debug|Any CPU
		{4BCB41F3-1451-4A33-9B16-A0F214900E2E}.AppStore|iPhoneSimulator.Build.0 = Debug|Any CPU
		{4BCB41F3-1451-4A33-9B16-A0F214900E2E}.Debug|Any CPU.ActiveCfg = Debug|Any CPU
		{4BCB41F3-1451-4A33-9B16-A0F214900E2E}.Debug|Any CPU.Build.0 = Debug|Any CPU
		{4BCB41F3-1451-4A33-9B16-A0F214900E2E}.Debug|iPhone.ActiveCfg = Debug|Any CPU
		{4BCB41F3-1451-4A33-9B16-A0F214900E2E}.Debug|iPhone.Build.0 = Debug|Any CPU
		{4BCB41F3-1451-4A33-9B16-A0F214900E2E}.Debug|iPhoneSimulator.ActiveCfg = Debug|Any CPU
		{4BCB41F3-1451-4A33-9B16-A0F214900E2E}.Debug|iPhoneSimulator.Build.0 = Debug|Any CPU
		{4BCB41F3-1451-4A33-9B16-A0F214900E2E}.Release|Any CPU.ActiveCfg = Release|Any CPU
		{4BCB41F3-1451-4A33-9B16-A0F214900E2E}.Release|Any CPU.Build.0 = Release|Any CPU
		{4BCB41F3-1451-4A33-9B16-A0F214900E2E}.Release|iPhone.ActiveCfg = Release|Any CPU
		{4BCB41F3-1451-4A33-9B16-A0F214900E2E}.Release|iPhone.Build.0 = Release|Any CPU
		{4BCB41F3-1451-4A33-9B16-A0F214900E2E}.Release|iPhoneSimulator.ActiveCfg = Release|Any CPU
		{4BCB41F3-1451-4A33-9B16-A0F214900E2E}.Release|iPhoneSimulator.Build.0 = Release|Any CPU
		{792772B0-3B4F-4984-A6D7-9D1AF18FD5E1}.Ad-Hoc|Any CPU.ActiveCfg = Debug|Any CPU
		{792772B0-3B4F-4984-A6D7-9D1AF18FD5E1}.Ad-Hoc|Any CPU.Build.0 = Debug|Any CPU
		{792772B0-3B4F-4984-A6D7-9D1AF18FD5E1}.Ad-Hoc|iPhone.ActiveCfg = Debug|Any CPU
		{792772B0-3B4F-4984-A6D7-9D1AF18FD5E1}.Ad-Hoc|iPhone.Build.0 = Debug|Any CPU
		{792772B0-3B4F-4984-A6D7-9D1AF18FD5E1}.Ad-Hoc|iPhoneSimulator.ActiveCfg = Debug|Any CPU
		{792772B0-3B4F-4984-A6D7-9D1AF18FD5E1}.Ad-Hoc|iPhoneSimulator.Build.0 = Debug|Any CPU
		{792772B0-3B4F-4984-A6D7-9D1AF18FD5E1}.AppStore|Any CPU.ActiveCfg = Debug|Any CPU
		{792772B0-3B4F-4984-A6D7-9D1AF18FD5E1}.AppStore|Any CPU.Build.0 = Debug|Any CPU
		{792772B0-3B4F-4984-A6D7-9D1AF18FD5E1}.AppStore|iPhone.ActiveCfg = Debug|Any CPU
		{792772B0-3B4F-4984-A6D7-9D1AF18FD5E1}.AppStore|iPhone.Build.0 = Debug|Any CPU
		{792772B0-3B4F-4984-A6D7-9D1AF18FD5E1}.AppStore|iPhoneSimulator.ActiveCfg = Debug|Any CPU
		{792772B0-3B4F-4984-A6D7-9D1AF18FD5E1}.AppStore|iPhoneSimulator.Build.0 = Debug|Any CPU
		{792772B0-3B4F-4984-A6D7-9D1AF18FD5E1}.Debug|Any CPU.ActiveCfg = Debug|Any CPU
		{792772B0-3B4F-4984-A6D7-9D1AF18FD5E1}.Debug|Any CPU.Build.0 = Debug|Any CPU
		{792772B0-3B4F-4984-A6D7-9D1AF18FD5E1}.Debug|iPhone.ActiveCfg = Debug|Any CPU
		{792772B0-3B4F-4984-A6D7-9D1AF18FD5E1}.Debug|iPhone.Build.0 = Debug|Any CPU
		{792772B0-3B4F-4984-A6D7-9D1AF18FD5E1}.Debug|iPhoneSimulator.ActiveCfg = Debug|Any CPU
		{792772B0-3B4F-4984-A6D7-9D1AF18FD5E1}.Debug|iPhoneSimulator.Build.0 = Debug|Any CPU
		{792772B0-3B4F-4984-A6D7-9D1AF18FD5E1}.Release|Any CPU.ActiveCfg = Release|Any CPU
		{792772B0-3B4F-4984-A6D7-9D1AF18FD5E1}.Release|Any CPU.Build.0 = Release|Any CPU
		{792772B0-3B4F-4984-A6D7-9D1AF18FD5E1}.Release|iPhone.ActiveCfg = Release|Any CPU
		{792772B0-3B4F-4984-A6D7-9D1AF18FD5E1}.Release|iPhone.Build.0 = Release|Any CPU
		{792772B0-3B4F-4984-A6D7-9D1AF18FD5E1}.Release|iPhoneSimulator.ActiveCfg = Release|Any CPU
		{792772B0-3B4F-4984-A6D7-9D1AF18FD5E1}.Release|iPhoneSimulator.Build.0 = Release|Any CPU
		{791A94B6-1D0D-4317-A2FB-937B754BDB5D}.Ad-Hoc|Any CPU.ActiveCfg = Debug|Any CPU
		{791A94B6-1D0D-4317-A2FB-937B754BDB5D}.Ad-Hoc|Any CPU.Build.0 = Debug|Any CPU
		{791A94B6-1D0D-4317-A2FB-937B754BDB5D}.Ad-Hoc|iPhone.ActiveCfg = Debug|Any CPU
		{791A94B6-1D0D-4317-A2FB-937B754BDB5D}.Ad-Hoc|iPhone.Build.0 = Debug|Any CPU
		{791A94B6-1D0D-4317-A2FB-937B754BDB5D}.Ad-Hoc|iPhoneSimulator.ActiveCfg = Debug|Any CPU
		{791A94B6-1D0D-4317-A2FB-937B754BDB5D}.Ad-Hoc|iPhoneSimulator.Build.0 = Debug|Any CPU
		{791A94B6-1D0D-4317-A2FB-937B754BDB5D}.AppStore|Any CPU.ActiveCfg = Debug|Any CPU
		{791A94B6-1D0D-4317-A2FB-937B754BDB5D}.AppStore|Any CPU.Build.0 = Debug|Any CPU
		{791A94B6-1D0D-4317-A2FB-937B754BDB5D}.AppStore|iPhone.ActiveCfg = Debug|Any CPU
		{791A94B6-1D0D-4317-A2FB-937B754BDB5D}.AppStore|iPhone.Build.0 = Debug|Any CPU
		{791A94B6-1D0D-4317-A2FB-937B754BDB5D}.AppStore|iPhoneSimulator.ActiveCfg = Debug|Any CPU
		{791A94B6-1D0D-4317-A2FB-937B754BDB5D}.AppStore|iPhoneSimulator.Build.0 = Debug|Any CPU
		{791A94B6-1D0D-4317-A2FB-937B754BDB5D}.Debug|Any CPU.ActiveCfg = Debug|Any CPU
		{791A94B6-1D0D-4317-A2FB-937B754BDB5D}.Debug|Any CPU.Build.0 = Debug|Any CPU
		{791A94B6-1D0D-4317-A2FB-937B754BDB5D}.Debug|iPhone.ActiveCfg = Debug|Any CPU
		{791A94B6-1D0D-4317-A2FB-937B754BDB5D}.Debug|iPhone.Build.0 = Debug|Any CPU
		{791A94B6-1D0D-4317-A2FB-937B754BDB5D}.Debug|iPhoneSimulator.ActiveCfg = Debug|Any CPU
		{791A94B6-1D0D-4317-A2FB-937B754BDB5D}.Debug|iPhoneSimulator.Build.0 = Debug|Any CPU
		{791A94B6-1D0D-4317-A2FB-937B754BDB5D}.Release|Any CPU.ActiveCfg = Release|Any CPU
		{791A94B6-1D0D-4317-A2FB-937B754BDB5D}.Release|Any CPU.Build.0 = Release|Any CPU
		{791A94B6-1D0D-4317-A2FB-937B754BDB5D}.Release|iPhone.ActiveCfg = Release|Any CPU
		{791A94B6-1D0D-4317-A2FB-937B754BDB5D}.Release|iPhone.Build.0 = Release|Any CPU
		{791A94B6-1D0D-4317-A2FB-937B754BDB5D}.Release|iPhoneSimulator.ActiveCfg = Release|Any CPU
		{791A94B6-1D0D-4317-A2FB-937B754BDB5D}.Release|iPhoneSimulator.Build.0 = Release|Any CPU
		{6E6E4DF8-5A6A-4408-B74E-D7EE9E6F7F2C}.Ad-Hoc|Any CPU.ActiveCfg = Debug|Any CPU
		{6E6E4DF8-5A6A-4408-B74E-D7EE9E6F7F2C}.Ad-Hoc|Any CPU.Build.0 = Debug|Any CPU
		{6E6E4DF8-5A6A-4408-B74E-D7EE9E6F7F2C}.Ad-Hoc|iPhone.ActiveCfg = Debug|Any CPU
		{6E6E4DF8-5A6A-4408-B74E-D7EE9E6F7F2C}.Ad-Hoc|iPhone.Build.0 = Debug|Any CPU
		{6E6E4DF8-5A6A-4408-B74E-D7EE9E6F7F2C}.Ad-Hoc|iPhoneSimulator.ActiveCfg = Debug|Any CPU
		{6E6E4DF8-5A6A-4408-B74E-D7EE9E6F7F2C}.Ad-Hoc|iPhoneSimulator.Build.0 = Debug|Any CPU
		{6E6E4DF8-5A6A-4408-B74E-D7EE9E6F7F2C}.AppStore|Any CPU.ActiveCfg = Debug|Any CPU
		{6E6E4DF8-5A6A-4408-B74E-D7EE9E6F7F2C}.AppStore|Any CPU.Build.0 = Debug|Any CPU
		{6E6E4DF8-5A6A-4408-B74E-D7EE9E6F7F2C}.AppStore|iPhone.ActiveCfg = Debug|Any CPU
		{6E6E4DF8-5A6A-4408-B74E-D7EE9E6F7F2C}.AppStore|iPhone.Build.0 = Debug|Any CPU
		{6E6E4DF8-5A6A-4408-B74E-D7EE9E6F7F2C}.AppStore|iPhoneSimulator.ActiveCfg = Debug|Any CPU
		{6E6E4DF8-5A6A-4408-B74E-D7EE9E6F7F2C}.AppStore|iPhoneSimulator.Build.0 = Debug|Any CPU
		{6E6E4DF8-5A6A-4408-B74E-D7EE9E6F7F2C}.Debug|Any CPU.ActiveCfg = Debug|Any CPU
		{6E6E4DF8-5A6A-4408-B74E-D7EE9E6F7F2C}.Debug|Any CPU.Build.0 = Debug|Any CPU
		{6E6E4DF8-5A6A-4408-B74E-D7EE9E6F7F2C}.Debug|iPhone.ActiveCfg = Debug|Any CPU
		{6E6E4DF8-5A6A-4408-B74E-D7EE9E6F7F2C}.Debug|iPhone.Build.0 = Debug|Any CPU
		{6E6E4DF8-5A6A-4408-B74E-D7EE9E6F7F2C}.Debug|iPhoneSimulator.ActiveCfg = Debug|Any CPU
		{6E6E4DF8-5A6A-4408-B74E-D7EE9E6F7F2C}.Debug|iPhoneSimulator.Build.0 = Debug|Any CPU
		{6E6E4DF8-5A6A-4408-B74E-D7EE9E6F7F2C}.Release|Any CPU.ActiveCfg = Release|Any CPU
		{6E6E4DF8-5A6A-4408-B74E-D7EE9E6F7F2C}.Release|Any CPU.Build.0 = Release|Any CPU
		{6E6E4DF8-5A6A-4408-B74E-D7EE9E6F7F2C}.Release|iPhone.ActiveCfg = Release|Any CPU
		{6E6E4DF8-5A6A-4408-B74E-D7EE9E6F7F2C}.Release|iPhone.Build.0 = Release|Any CPU
		{6E6E4DF8-5A6A-4408-B74E-D7EE9E6F7F2C}.Release|iPhoneSimulator.ActiveCfg = Release|Any CPU
		{6E6E4DF8-5A6A-4408-B74E-D7EE9E6F7F2C}.Release|iPhoneSimulator.Build.0 = Release|Any CPU
		{0CCE5288-1316-4F5D-88BA-C54E605E035D}.Ad-Hoc|Any CPU.ActiveCfg = Debug|Any CPU
		{0CCE5288-1316-4F5D-88BA-C54E605E035D}.Ad-Hoc|Any CPU.Build.0 = Debug|Any CPU
		{0CCE5288-1316-4F5D-88BA-C54E605E035D}.Ad-Hoc|iPhone.ActiveCfg = Debug|Any CPU
		{0CCE5288-1316-4F5D-88BA-C54E605E035D}.Ad-Hoc|iPhone.Build.0 = Debug|Any CPU
		{0CCE5288-1316-4F5D-88BA-C54E605E035D}.Ad-Hoc|iPhoneSimulator.ActiveCfg = Debug|Any CPU
		{0CCE5288-1316-4F5D-88BA-C54E605E035D}.Ad-Hoc|iPhoneSimulator.Build.0 = Debug|Any CPU
		{0CCE5288-1316-4F5D-88BA-C54E605E035D}.AppStore|Any CPU.ActiveCfg = Debug|Any CPU
		{0CCE5288-1316-4F5D-88BA-C54E605E035D}.AppStore|Any CPU.Build.0 = Debug|Any CPU
		{0CCE5288-1316-4F5D-88BA-C54E605E035D}.AppStore|iPhone.ActiveCfg = Debug|Any CPU
		{0CCE5288-1316-4F5D-88BA-C54E605E035D}.AppStore|iPhone.Build.0 = Debug|Any CPU
		{0CCE5288-1316-4F5D-88BA-C54E605E035D}.AppStore|iPhoneSimulator.ActiveCfg = Debug|Any CPU
		{0CCE5288-1316-4F5D-88BA-C54E605E035D}.AppStore|iPhoneSimulator.Build.0 = Debug|Any CPU
		{0CCE5288-1316-4F5D-88BA-C54E605E035D}.Debug|Any CPU.ActiveCfg = Debug|Any CPU
		{0CCE5288-1316-4F5D-88BA-C54E605E035D}.Debug|Any CPU.Build.0 = Debug|Any CPU
		{0CCE5288-1316-4F5D-88BA-C54E605E035D}.Debug|iPhone.ActiveCfg = Debug|Any CPU
		{0CCE5288-1316-4F5D-88BA-C54E605E035D}.Debug|iPhone.Build.0 = Debug|Any CPU
		{0CCE5288-1316-4F5D-88BA-C54E605E035D}.Debug|iPhoneSimulator.ActiveCfg = Debug|Any CPU
		{0CCE5288-1316-4F5D-88BA-C54E605E035D}.Debug|iPhoneSimulator.Build.0 = Debug|Any CPU
		{0CCE5288-1316-4F5D-88BA-C54E605E035D}.Release|Any CPU.ActiveCfg = Release|Any CPU
		{0CCE5288-1316-4F5D-88BA-C54E605E035D}.Release|Any CPU.Build.0 = Release|Any CPU
		{0CCE5288-1316-4F5D-88BA-C54E605E035D}.Release|iPhone.ActiveCfg = Release|Any CPU
		{0CCE5288-1316-4F5D-88BA-C54E605E035D}.Release|iPhone.Build.0 = Release|Any CPU
		{0CCE5288-1316-4F5D-88BA-C54E605E035D}.Release|iPhoneSimulator.ActiveCfg = Release|Any CPU
		{0CCE5288-1316-4F5D-88BA-C54E605E035D}.Release|iPhoneSimulator.Build.0 = Release|Any CPU
		{B6DEEC21-2101-4049-91A4-824DBAEA6041}.Ad-Hoc|Any CPU.ActiveCfg = Debug|Any CPU
		{B6DEEC21-2101-4049-91A4-824DBAEA6041}.Ad-Hoc|Any CPU.Build.0 = Debug|Any CPU
		{B6DEEC21-2101-4049-91A4-824DBAEA6041}.Ad-Hoc|iPhone.ActiveCfg = Debug|Any CPU
		{B6DEEC21-2101-4049-91A4-824DBAEA6041}.Ad-Hoc|iPhone.Build.0 = Debug|Any CPU
		{B6DEEC21-2101-4049-91A4-824DBAEA6041}.Ad-Hoc|iPhoneSimulator.ActiveCfg = Debug|Any CPU
		{B6DEEC21-2101-4049-91A4-824DBAEA6041}.Ad-Hoc|iPhoneSimulator.Build.0 = Debug|Any CPU
		{B6DEEC21-2101-4049-91A4-824DBAEA6041}.AppStore|Any CPU.ActiveCfg = Debug|Any CPU
		{B6DEEC21-2101-4049-91A4-824DBAEA6041}.AppStore|Any CPU.Build.0 = Debug|Any CPU
		{B6DEEC21-2101-4049-91A4-824DBAEA6041}.AppStore|iPhone.ActiveCfg = Debug|Any CPU
		{B6DEEC21-2101-4049-91A4-824DBAEA6041}.AppStore|iPhone.Build.0 = Debug|Any CPU
		{B6DEEC21-2101-4049-91A4-824DBAEA6041}.AppStore|iPhoneSimulator.ActiveCfg = Debug|Any CPU
		{B6DEEC21-2101-4049-91A4-824DBAEA6041}.AppStore|iPhoneSimulator.Build.0 = Debug|Any CPU
		{B6DEEC21-2101-4049-91A4-824DBAEA6041}.Debug|Any CPU.ActiveCfg = Debug|Any CPU
		{B6DEEC21-2101-4049-91A4-824DBAEA6041}.Debug|Any CPU.Build.0 = Debug|Any CPU
		{B6DEEC21-2101-4049-91A4-824DBAEA6041}.Debug|iPhone.ActiveCfg = Debug|Any CPU
		{B6DEEC21-2101-4049-91A4-824DBAEA6041}.Debug|iPhone.Build.0 = Debug|Any CPU
		{B6DEEC21-2101-4049-91A4-824DBAEA6041}.Debug|iPhoneSimulator.ActiveCfg = Debug|Any CPU
		{B6DEEC21-2101-4049-91A4-824DBAEA6041}.Debug|iPhoneSimulator.Build.0 = Debug|Any CPU
		{B6DEEC21-2101-4049-91A4-824DBAEA6041}.Release|Any CPU.ActiveCfg = Release|Any CPU
		{B6DEEC21-2101-4049-91A4-824DBAEA6041}.Release|Any CPU.Build.0 = Release|Any CPU
		{B6DEEC21-2101-4049-91A4-824DBAEA6041}.Release|iPhone.ActiveCfg = Release|Any CPU
		{B6DEEC21-2101-4049-91A4-824DBAEA6041}.Release|iPhone.Build.0 = Release|Any CPU
		{B6DEEC21-2101-4049-91A4-824DBAEA6041}.Release|iPhoneSimulator.ActiveCfg = Release|Any CPU
		{B6DEEC21-2101-4049-91A4-824DBAEA6041}.Release|iPhoneSimulator.Build.0 = Release|Any CPU
		{A3179F5A-72A8-4787-B7B5-8800DD3A093A}.Ad-Hoc|Any CPU.ActiveCfg = Debug|Any CPU
		{A3179F5A-72A8-4787-B7B5-8800DD3A093A}.Ad-Hoc|Any CPU.Build.0 = Debug|Any CPU
		{A3179F5A-72A8-4787-B7B5-8800DD3A093A}.Ad-Hoc|iPhone.ActiveCfg = Debug|Any CPU
		{A3179F5A-72A8-4787-B7B5-8800DD3A093A}.Ad-Hoc|iPhone.Build.0 = Debug|Any CPU
		{A3179F5A-72A8-4787-B7B5-8800DD3A093A}.Ad-Hoc|iPhoneSimulator.ActiveCfg = Debug|Any CPU
		{A3179F5A-72A8-4787-B7B5-8800DD3A093A}.Ad-Hoc|iPhoneSimulator.Build.0 = Debug|Any CPU
		{A3179F5A-72A8-4787-B7B5-8800DD3A093A}.AppStore|Any CPU.ActiveCfg = Debug|Any CPU
		{A3179F5A-72A8-4787-B7B5-8800DD3A093A}.AppStore|Any CPU.Build.0 = Debug|Any CPU
		{A3179F5A-72A8-4787-B7B5-8800DD3A093A}.AppStore|iPhone.ActiveCfg = Debug|Any CPU
		{A3179F5A-72A8-4787-B7B5-8800DD3A093A}.AppStore|iPhone.Build.0 = Debug|Any CPU
		{A3179F5A-72A8-4787-B7B5-8800DD3A093A}.AppStore|iPhoneSimulator.ActiveCfg = Debug|Any CPU
		{A3179F5A-72A8-4787-B7B5-8800DD3A093A}.AppStore|iPhoneSimulator.Build.0 = Debug|Any CPU
		{A3179F5A-72A8-4787-B7B5-8800DD3A093A}.Debug|Any CPU.ActiveCfg = Debug|Any CPU
		{A3179F5A-72A8-4787-B7B5-8800DD3A093A}.Debug|Any CPU.Build.0 = Debug|Any CPU
		{A3179F5A-72A8-4787-B7B5-8800DD3A093A}.Debug|iPhone.ActiveCfg = Debug|Any CPU
		{A3179F5A-72A8-4787-B7B5-8800DD3A093A}.Debug|iPhone.Build.0 = Debug|Any CPU
		{A3179F5A-72A8-4787-B7B5-8800DD3A093A}.Debug|iPhoneSimulator.ActiveCfg = Debug|Any CPU
		{A3179F5A-72A8-4787-B7B5-8800DD3A093A}.Debug|iPhoneSimulator.Build.0 = Debug|Any CPU
		{A3179F5A-72A8-4787-B7B5-8800DD3A093A}.Release|Any CPU.ActiveCfg = Release|Any CPU
		{A3179F5A-72A8-4787-B7B5-8800DD3A093A}.Release|Any CPU.Build.0 = Release|Any CPU
		{A3179F5A-72A8-4787-B7B5-8800DD3A093A}.Release|iPhone.ActiveCfg = Release|Any CPU
		{A3179F5A-72A8-4787-B7B5-8800DD3A093A}.Release|iPhone.Build.0 = Release|Any CPU
		{A3179F5A-72A8-4787-B7B5-8800DD3A093A}.Release|iPhoneSimulator.ActiveCfg = Release|Any CPU
		{A3179F5A-72A8-4787-B7B5-8800DD3A093A}.Release|iPhoneSimulator.Build.0 = Release|Any CPU
		{137839B3-75DD-4A2F-8B55-41A8D9CBD302}.Ad-Hoc|Any CPU.ActiveCfg = Debug|Any CPU
		{137839B3-75DD-4A2F-8B55-41A8D9CBD302}.Ad-Hoc|Any CPU.Build.0 = Debug|Any CPU
		{137839B3-75DD-4A2F-8B55-41A8D9CBD302}.Ad-Hoc|iPhone.ActiveCfg = Debug|Any CPU
		{137839B3-75DD-4A2F-8B55-41A8D9CBD302}.Ad-Hoc|iPhone.Build.0 = Debug|Any CPU
		{137839B3-75DD-4A2F-8B55-41A8D9CBD302}.Ad-Hoc|iPhoneSimulator.ActiveCfg = Debug|Any CPU
		{137839B3-75DD-4A2F-8B55-41A8D9CBD302}.Ad-Hoc|iPhoneSimulator.Build.0 = Debug|Any CPU
		{137839B3-75DD-4A2F-8B55-41A8D9CBD302}.AppStore|Any CPU.ActiveCfg = Debug|Any CPU
		{137839B3-75DD-4A2F-8B55-41A8D9CBD302}.AppStore|Any CPU.Build.0 = Debug|Any CPU
		{137839B3-75DD-4A2F-8B55-41A8D9CBD302}.AppStore|iPhone.ActiveCfg = Debug|Any CPU
		{137839B3-75DD-4A2F-8B55-41A8D9CBD302}.AppStore|iPhone.Build.0 = Debug|Any CPU
		{137839B3-75DD-4A2F-8B55-41A8D9CBD302}.AppStore|iPhoneSimulator.ActiveCfg = Debug|Any CPU
		{137839B3-75DD-4A2F-8B55-41A8D9CBD302}.AppStore|iPhoneSimulator.Build.0 = Debug|Any CPU
		{137839B3-75DD-4A2F-8B55-41A8D9CBD302}.Debug|Any CPU.ActiveCfg = Debug|Any CPU
		{137839B3-75DD-4A2F-8B55-41A8D9CBD302}.Debug|Any CPU.Build.0 = Debug|Any CPU
		{137839B3-75DD-4A2F-8B55-41A8D9CBD302}.Debug|iPhone.ActiveCfg = Debug|Any CPU
		{137839B3-75DD-4A2F-8B55-41A8D9CBD302}.Debug|iPhone.Build.0 = Debug|Any CPU
		{137839B3-75DD-4A2F-8B55-41A8D9CBD302}.Debug|iPhoneSimulator.ActiveCfg = Debug|Any CPU
		{137839B3-75DD-4A2F-8B55-41A8D9CBD302}.Debug|iPhoneSimulator.Build.0 = Debug|Any CPU
		{137839B3-75DD-4A2F-8B55-41A8D9CBD302}.Release|Any CPU.ActiveCfg = Release|Any CPU
		{137839B3-75DD-4A2F-8B55-41A8D9CBD302}.Release|Any CPU.Build.0 = Release|Any CPU
		{137839B3-75DD-4A2F-8B55-41A8D9CBD302}.Release|iPhone.ActiveCfg = Release|Any CPU
		{137839B3-75DD-4A2F-8B55-41A8D9CBD302}.Release|iPhone.Build.0 = Release|Any CPU
		{137839B3-75DD-4A2F-8B55-41A8D9CBD302}.Release|iPhoneSimulator.ActiveCfg = Release|Any CPU
		{137839B3-75DD-4A2F-8B55-41A8D9CBD302}.Release|iPhoneSimulator.Build.0 = Release|Any CPU
		{F50B8818-229C-46F5-95DC-BBD95D0BBDAE}.Ad-Hoc|Any CPU.ActiveCfg = Debug|Any CPU
		{F50B8818-229C-46F5-95DC-BBD95D0BBDAE}.Ad-Hoc|Any CPU.Build.0 = Debug|Any CPU
		{F50B8818-229C-46F5-95DC-BBD95D0BBDAE}.Ad-Hoc|iPhone.ActiveCfg = Debug|Any CPU
		{F50B8818-229C-46F5-95DC-BBD95D0BBDAE}.Ad-Hoc|iPhone.Build.0 = Debug|Any CPU
		{F50B8818-229C-46F5-95DC-BBD95D0BBDAE}.Ad-Hoc|iPhoneSimulator.ActiveCfg = Debug|Any CPU
		{F50B8818-229C-46F5-95DC-BBD95D0BBDAE}.Ad-Hoc|iPhoneSimulator.Build.0 = Debug|Any CPU
		{F50B8818-229C-46F5-95DC-BBD95D0BBDAE}.AppStore|Any CPU.ActiveCfg = Debug|Any CPU
		{F50B8818-229C-46F5-95DC-BBD95D0BBDAE}.AppStore|Any CPU.Build.0 = Debug|Any CPU
		{F50B8818-229C-46F5-95DC-BBD95D0BBDAE}.AppStore|iPhone.ActiveCfg = Debug|Any CPU
		{F50B8818-229C-46F5-95DC-BBD95D0BBDAE}.AppStore|iPhone.Build.0 = Debug|Any CPU
		{F50B8818-229C-46F5-95DC-BBD95D0BBDAE}.AppStore|iPhoneSimulator.ActiveCfg = Debug|Any CPU
		{F50B8818-229C-46F5-95DC-BBD95D0BBDAE}.AppStore|iPhoneSimulator.Build.0 = Debug|Any CPU
		{F50B8818-229C-46F5-95DC-BBD95D0BBDAE}.Debug|Any CPU.ActiveCfg = Debug|Any CPU
		{F50B8818-229C-46F5-95DC-BBD95D0BBDAE}.Debug|Any CPU.Build.0 = Debug|Any CPU
		{F50B8818-229C-46F5-95DC-BBD95D0BBDAE}.Debug|iPhone.ActiveCfg = Debug|Any CPU
		{F50B8818-229C-46F5-95DC-BBD95D0BBDAE}.Debug|iPhone.Build.0 = Debug|Any CPU
		{F50B8818-229C-46F5-95DC-BBD95D0BBDAE}.Debug|iPhoneSimulator.ActiveCfg = Debug|Any CPU
		{F50B8818-229C-46F5-95DC-BBD95D0BBDAE}.Debug|iPhoneSimulator.Build.0 = Debug|Any CPU
		{F50B8818-229C-46F5-95DC-BBD95D0BBDAE}.Release|Any CPU.ActiveCfg = Release|Any CPU
		{F50B8818-229C-46F5-95DC-BBD95D0BBDAE}.Release|Any CPU.Build.0 = Release|Any CPU
		{F50B8818-229C-46F5-95DC-BBD95D0BBDAE}.Release|iPhone.ActiveCfg = Release|Any CPU
		{F50B8818-229C-46F5-95DC-BBD95D0BBDAE}.Release|iPhone.Build.0 = Release|Any CPU
		{F50B8818-229C-46F5-95DC-BBD95D0BBDAE}.Release|iPhoneSimulator.ActiveCfg = Release|Any CPU
		{F50B8818-229C-46F5-95DC-BBD95D0BBDAE}.Release|iPhoneSimulator.Build.0 = Release|Any CPU
		{E2F30E5D-9967-4266-A45E-A35909C6706B}.Ad-Hoc|Any CPU.ActiveCfg = Debug|Any CPU
		{E2F30E5D-9967-4266-A45E-A35909C6706B}.Ad-Hoc|Any CPU.Build.0 = Debug|Any CPU
		{E2F30E5D-9967-4266-A45E-A35909C6706B}.Ad-Hoc|iPhone.ActiveCfg = Debug|Any CPU
		{E2F30E5D-9967-4266-A45E-A35909C6706B}.Ad-Hoc|iPhone.Build.0 = Debug|Any CPU
		{E2F30E5D-9967-4266-A45E-A35909C6706B}.Ad-Hoc|iPhoneSimulator.ActiveCfg = Debug|Any CPU
		{E2F30E5D-9967-4266-A45E-A35909C6706B}.Ad-Hoc|iPhoneSimulator.Build.0 = Debug|Any CPU
		{E2F30E5D-9967-4266-A45E-A35909C6706B}.AppStore|Any CPU.ActiveCfg = Debug|Any CPU
		{E2F30E5D-9967-4266-A45E-A35909C6706B}.AppStore|Any CPU.Build.0 = Debug|Any CPU
		{E2F30E5D-9967-4266-A45E-A35909C6706B}.AppStore|iPhone.ActiveCfg = Debug|Any CPU
		{E2F30E5D-9967-4266-A45E-A35909C6706B}.AppStore|iPhone.Build.0 = Debug|Any CPU
		{E2F30E5D-9967-4266-A45E-A35909C6706B}.AppStore|iPhoneSimulator.ActiveCfg = Debug|Any CPU
		{E2F30E5D-9967-4266-A45E-A35909C6706B}.AppStore|iPhoneSimulator.Build.0 = Debug|Any CPU
		{E2F30E5D-9967-4266-A45E-A35909C6706B}.Debug|Any CPU.ActiveCfg = Debug|Any CPU
		{E2F30E5D-9967-4266-A45E-A35909C6706B}.Debug|Any CPU.Build.0 = Debug|Any CPU
		{E2F30E5D-9967-4266-A45E-A35909C6706B}.Debug|iPhone.ActiveCfg = Debug|Any CPU
		{E2F30E5D-9967-4266-A45E-A35909C6706B}.Debug|iPhone.Build.0 = Debug|Any CPU
		{E2F30E5D-9967-4266-A45E-A35909C6706B}.Debug|iPhoneSimulator.ActiveCfg = Debug|Any CPU
		{E2F30E5D-9967-4266-A45E-A35909C6706B}.Debug|iPhoneSimulator.Build.0 = Debug|Any CPU
		{E2F30E5D-9967-4266-A45E-A35909C6706B}.Release|Any CPU.ActiveCfg = Release|Any CPU
		{E2F30E5D-9967-4266-A45E-A35909C6706B}.Release|Any CPU.Build.0 = Release|Any CPU
		{E2F30E5D-9967-4266-A45E-A35909C6706B}.Release|iPhone.ActiveCfg = Release|Any CPU
		{E2F30E5D-9967-4266-A45E-A35909C6706B}.Release|iPhone.Build.0 = Release|Any CPU
		{E2F30E5D-9967-4266-A45E-A35909C6706B}.Release|iPhoneSimulator.ActiveCfg = Release|Any CPU
		{E2F30E5D-9967-4266-A45E-A35909C6706B}.Release|iPhoneSimulator.Build.0 = Release|Any CPU
		{CD7B13F4-C755-4D26-A36D-714162402CA3}.Ad-Hoc|Any CPU.ActiveCfg = Debug|Any CPU
		{CD7B13F4-C755-4D26-A36D-714162402CA3}.Ad-Hoc|Any CPU.Build.0 = Debug|Any CPU
		{CD7B13F4-C755-4D26-A36D-714162402CA3}.Ad-Hoc|iPhone.ActiveCfg = Debug|Any CPU
		{CD7B13F4-C755-4D26-A36D-714162402CA3}.Ad-Hoc|iPhone.Build.0 = Debug|Any CPU
		{CD7B13F4-C755-4D26-A36D-714162402CA3}.Ad-Hoc|iPhoneSimulator.ActiveCfg = Debug|Any CPU
		{CD7B13F4-C755-4D26-A36D-714162402CA3}.Ad-Hoc|iPhoneSimulator.Build.0 = Debug|Any CPU
		{CD7B13F4-C755-4D26-A36D-714162402CA3}.AppStore|Any CPU.ActiveCfg = Debug|Any CPU
		{CD7B13F4-C755-4D26-A36D-714162402CA3}.AppStore|Any CPU.Build.0 = Debug|Any CPU
		{CD7B13F4-C755-4D26-A36D-714162402CA3}.AppStore|iPhone.ActiveCfg = Debug|Any CPU
		{CD7B13F4-C755-4D26-A36D-714162402CA3}.AppStore|iPhone.Build.0 = Debug|Any CPU
		{CD7B13F4-C755-4D26-A36D-714162402CA3}.AppStore|iPhoneSimulator.ActiveCfg = Debug|Any CPU
		{CD7B13F4-C755-4D26-A36D-714162402CA3}.AppStore|iPhoneSimulator.Build.0 = Debug|Any CPU
		{CD7B13F4-C755-4D26-A36D-714162402CA3}.Debug|Any CPU.ActiveCfg = Debug|Any CPU
		{CD7B13F4-C755-4D26-A36D-714162402CA3}.Debug|Any CPU.Build.0 = Debug|Any CPU
		{CD7B13F4-C755-4D26-A36D-714162402CA3}.Debug|iPhone.ActiveCfg = Debug|Any CPU
		{CD7B13F4-C755-4D26-A36D-714162402CA3}.Debug|iPhone.Build.0 = Debug|Any CPU
		{CD7B13F4-C755-4D26-A36D-714162402CA3}.Debug|iPhoneSimulator.ActiveCfg = Debug|Any CPU
		{CD7B13F4-C755-4D26-A36D-714162402CA3}.Debug|iPhoneSimulator.Build.0 = Debug|Any CPU
		{CD7B13F4-C755-4D26-A36D-714162402CA3}.Release|Any CPU.ActiveCfg = Release|Any CPU
		{CD7B13F4-C755-4D26-A36D-714162402CA3}.Release|Any CPU.Build.0 = Release|Any CPU
		{CD7B13F4-C755-4D26-A36D-714162402CA3}.Release|iPhone.ActiveCfg = Release|Any CPU
		{CD7B13F4-C755-4D26-A36D-714162402CA3}.Release|iPhone.Build.0 = Release|Any CPU
		{CD7B13F4-C755-4D26-A36D-714162402CA3}.Release|iPhoneSimulator.ActiveCfg = Release|Any CPU
		{CD7B13F4-C755-4D26-A36D-714162402CA3}.Release|iPhoneSimulator.Build.0 = Release|Any CPU
		{9430CC07-32B0-4F73-A1A3-4647D2DAC2BD}.Ad-Hoc|Any CPU.ActiveCfg = Debug|Any CPU
		{9430CC07-32B0-4F73-A1A3-4647D2DAC2BD}.Ad-Hoc|Any CPU.Build.0 = Debug|Any CPU
		{9430CC07-32B0-4F73-A1A3-4647D2DAC2BD}.Ad-Hoc|iPhone.ActiveCfg = Debug|Any CPU
		{9430CC07-32B0-4F73-A1A3-4647D2DAC2BD}.Ad-Hoc|iPhone.Build.0 = Debug|Any CPU
		{9430CC07-32B0-4F73-A1A3-4647D2DAC2BD}.Ad-Hoc|iPhoneSimulator.ActiveCfg = Debug|Any CPU
		{9430CC07-32B0-4F73-A1A3-4647D2DAC2BD}.Ad-Hoc|iPhoneSimulator.Build.0 = Debug|Any CPU
		{9430CC07-32B0-4F73-A1A3-4647D2DAC2BD}.AppStore|Any CPU.ActiveCfg = Debug|Any CPU
		{9430CC07-32B0-4F73-A1A3-4647D2DAC2BD}.AppStore|Any CPU.Build.0 = Debug|Any CPU
		{9430CC07-32B0-4F73-A1A3-4647D2DAC2BD}.AppStore|iPhone.ActiveCfg = Debug|Any CPU
		{9430CC07-32B0-4F73-A1A3-4647D2DAC2BD}.AppStore|iPhone.Build.0 = Debug|Any CPU
		{9430CC07-32B0-4F73-A1A3-4647D2DAC2BD}.AppStore|iPhoneSimulator.ActiveCfg = Debug|Any CPU
		{9430CC07-32B0-4F73-A1A3-4647D2DAC2BD}.AppStore|iPhoneSimulator.Build.0 = Debug|Any CPU
		{9430CC07-32B0-4F73-A1A3-4647D2DAC2BD}.Debug|Any CPU.ActiveCfg = Debug|Any CPU
		{9430CC07-32B0-4F73-A1A3-4647D2DAC2BD}.Debug|Any CPU.Build.0 = Debug|Any CPU
		{9430CC07-32B0-4F73-A1A3-4647D2DAC2BD}.Debug|iPhone.ActiveCfg = Debug|Any CPU
		{9430CC07-32B0-4F73-A1A3-4647D2DAC2BD}.Debug|iPhone.Build.0 = Debug|Any CPU
		{9430CC07-32B0-4F73-A1A3-4647D2DAC2BD}.Debug|iPhoneSimulator.ActiveCfg = Debug|Any CPU
		{9430CC07-32B0-4F73-A1A3-4647D2DAC2BD}.Debug|iPhoneSimulator.Build.0 = Debug|Any CPU
		{9430CC07-32B0-4F73-A1A3-4647D2DAC2BD}.Release|Any CPU.ActiveCfg = Release|Any CPU
		{9430CC07-32B0-4F73-A1A3-4647D2DAC2BD}.Release|Any CPU.Build.0 = Release|Any CPU
		{9430CC07-32B0-4F73-A1A3-4647D2DAC2BD}.Release|iPhone.ActiveCfg = Release|Any CPU
		{9430CC07-32B0-4F73-A1A3-4647D2DAC2BD}.Release|iPhone.Build.0 = Release|Any CPU
		{9430CC07-32B0-4F73-A1A3-4647D2DAC2BD}.Release|iPhoneSimulator.ActiveCfg = Release|Any CPU
		{9430CC07-32B0-4F73-A1A3-4647D2DAC2BD}.Release|iPhoneSimulator.Build.0 = Release|Any CPU
		{6511B126-B631-42F9-8864-5CA054912B7B}.Ad-Hoc|Any CPU.ActiveCfg = Debug|Any CPU
		{6511B126-B631-42F9-8864-5CA054912B7B}.Ad-Hoc|Any CPU.Build.0 = Debug|Any CPU
		{6511B126-B631-42F9-8864-5CA054912B7B}.Ad-Hoc|iPhone.ActiveCfg = Debug|Any CPU
		{6511B126-B631-42F9-8864-5CA054912B7B}.Ad-Hoc|iPhone.Build.0 = Debug|Any CPU
		{6511B126-B631-42F9-8864-5CA054912B7B}.Ad-Hoc|iPhoneSimulator.ActiveCfg = Debug|Any CPU
		{6511B126-B631-42F9-8864-5CA054912B7B}.Ad-Hoc|iPhoneSimulator.Build.0 = Debug|Any CPU
		{6511B126-B631-42F9-8864-5CA054912B7B}.AppStore|Any CPU.ActiveCfg = Debug|Any CPU
		{6511B126-B631-42F9-8864-5CA054912B7B}.AppStore|Any CPU.Build.0 = Debug|Any CPU
		{6511B126-B631-42F9-8864-5CA054912B7B}.AppStore|iPhone.ActiveCfg = Debug|Any CPU
		{6511B126-B631-42F9-8864-5CA054912B7B}.AppStore|iPhone.Build.0 = Debug|Any CPU
		{6511B126-B631-42F9-8864-5CA054912B7B}.AppStore|iPhoneSimulator.ActiveCfg = Debug|Any CPU
		{6511B126-B631-42F9-8864-5CA054912B7B}.AppStore|iPhoneSimulator.Build.0 = Debug|Any CPU
		{6511B126-B631-42F9-8864-5CA054912B7B}.Debug|Any CPU.ActiveCfg = Debug|Any CPU
		{6511B126-B631-42F9-8864-5CA054912B7B}.Debug|Any CPU.Build.0 = Debug|Any CPU
		{6511B126-B631-42F9-8864-5CA054912B7B}.Debug|iPhone.ActiveCfg = Debug|Any CPU
		{6511B126-B631-42F9-8864-5CA054912B7B}.Debug|iPhone.Build.0 = Debug|Any CPU
		{6511B126-B631-42F9-8864-5CA054912B7B}.Debug|iPhoneSimulator.ActiveCfg = Debug|Any CPU
		{6511B126-B631-42F9-8864-5CA054912B7B}.Debug|iPhoneSimulator.Build.0 = Debug|Any CPU
		{6511B126-B631-42F9-8864-5CA054912B7B}.Release|Any CPU.ActiveCfg = Release|Any CPU
		{6511B126-B631-42F9-8864-5CA054912B7B}.Release|Any CPU.Build.0 = Release|Any CPU
		{6511B126-B631-42F9-8864-5CA054912B7B}.Release|iPhone.ActiveCfg = Release|Any CPU
		{6511B126-B631-42F9-8864-5CA054912B7B}.Release|iPhone.Build.0 = Release|Any CPU
		{6511B126-B631-42F9-8864-5CA054912B7B}.Release|iPhoneSimulator.ActiveCfg = Release|Any CPU
		{6511B126-B631-42F9-8864-5CA054912B7B}.Release|iPhoneSimulator.Build.0 = Release|Any CPU
		{945584F5-16E5-4788-9BB9-2B07095D973F}.Ad-Hoc|Any CPU.ActiveCfg = Debug|Any CPU
		{945584F5-16E5-4788-9BB9-2B07095D973F}.Ad-Hoc|Any CPU.Build.0 = Debug|Any CPU
		{945584F5-16E5-4788-9BB9-2B07095D973F}.Ad-Hoc|iPhone.ActiveCfg = Debug|Any CPU
		{945584F5-16E5-4788-9BB9-2B07095D973F}.Ad-Hoc|iPhone.Build.0 = Debug|Any CPU
		{945584F5-16E5-4788-9BB9-2B07095D973F}.Ad-Hoc|iPhoneSimulator.ActiveCfg = Debug|Any CPU
		{945584F5-16E5-4788-9BB9-2B07095D973F}.Ad-Hoc|iPhoneSimulator.Build.0 = Debug|Any CPU
		{945584F5-16E5-4788-9BB9-2B07095D973F}.AppStore|Any CPU.ActiveCfg = Debug|Any CPU
		{945584F5-16E5-4788-9BB9-2B07095D973F}.AppStore|Any CPU.Build.0 = Debug|Any CPU
		{945584F5-16E5-4788-9BB9-2B07095D973F}.AppStore|iPhone.ActiveCfg = Debug|Any CPU
		{945584F5-16E5-4788-9BB9-2B07095D973F}.AppStore|iPhone.Build.0 = Debug|Any CPU
		{945584F5-16E5-4788-9BB9-2B07095D973F}.AppStore|iPhoneSimulator.ActiveCfg = Debug|Any CPU
		{945584F5-16E5-4788-9BB9-2B07095D973F}.AppStore|iPhoneSimulator.Build.0 = Debug|Any CPU
		{945584F5-16E5-4788-9BB9-2B07095D973F}.Debug|Any CPU.ActiveCfg = Debug|Any CPU
		{945584F5-16E5-4788-9BB9-2B07095D973F}.Debug|Any CPU.Build.0 = Debug|Any CPU
		{945584F5-16E5-4788-9BB9-2B07095D973F}.Debug|iPhone.ActiveCfg = Debug|Any CPU
		{945584F5-16E5-4788-9BB9-2B07095D973F}.Debug|iPhone.Build.0 = Debug|Any CPU
		{945584F5-16E5-4788-9BB9-2B07095D973F}.Debug|iPhoneSimulator.ActiveCfg = Debug|Any CPU
		{945584F5-16E5-4788-9BB9-2B07095D973F}.Debug|iPhoneSimulator.Build.0 = Debug|Any CPU
		{945584F5-16E5-4788-9BB9-2B07095D973F}.Release|Any CPU.ActiveCfg = Release|Any CPU
		{945584F5-16E5-4788-9BB9-2B07095D973F}.Release|Any CPU.Build.0 = Release|Any CPU
		{945584F5-16E5-4788-9BB9-2B07095D973F}.Release|iPhone.ActiveCfg = Release|Any CPU
		{945584F5-16E5-4788-9BB9-2B07095D973F}.Release|iPhone.Build.0 = Release|Any CPU
		{945584F5-16E5-4788-9BB9-2B07095D973F}.Release|iPhoneSimulator.ActiveCfg = Release|Any CPU
		{945584F5-16E5-4788-9BB9-2B07095D973F}.Release|iPhoneSimulator.Build.0 = Release|Any CPU
		{98F3EE97-A846-4AB5-B464-FD699F7150A9}.Ad-Hoc|Any CPU.ActiveCfg = Debug|Any CPU
		{98F3EE97-A846-4AB5-B464-FD699F7150A9}.Ad-Hoc|Any CPU.Build.0 = Debug|Any CPU
		{98F3EE97-A846-4AB5-B464-FD699F7150A9}.Ad-Hoc|iPhone.ActiveCfg = Debug|Any CPU
		{98F3EE97-A846-4AB5-B464-FD699F7150A9}.Ad-Hoc|iPhone.Build.0 = Debug|Any CPU
		{98F3EE97-A846-4AB5-B464-FD699F7150A9}.Ad-Hoc|iPhoneSimulator.ActiveCfg = Debug|Any CPU
		{98F3EE97-A846-4AB5-B464-FD699F7150A9}.Ad-Hoc|iPhoneSimulator.Build.0 = Debug|Any CPU
		{98F3EE97-A846-4AB5-B464-FD699F7150A9}.AppStore|Any CPU.ActiveCfg = Debug|Any CPU
		{98F3EE97-A846-4AB5-B464-FD699F7150A9}.AppStore|Any CPU.Build.0 = Debug|Any CPU
		{98F3EE97-A846-4AB5-B464-FD699F7150A9}.AppStore|iPhone.ActiveCfg = Debug|Any CPU
		{98F3EE97-A846-4AB5-B464-FD699F7150A9}.AppStore|iPhone.Build.0 = Debug|Any CPU
		{98F3EE97-A846-4AB5-B464-FD699F7150A9}.AppStore|iPhoneSimulator.ActiveCfg = Debug|Any CPU
		{98F3EE97-A846-4AB5-B464-FD699F7150A9}.AppStore|iPhoneSimulator.Build.0 = Debug|Any CPU
		{98F3EE97-A846-4AB5-B464-FD699F7150A9}.Debug|Any CPU.ActiveCfg = Debug|Any CPU
		{98F3EE97-A846-4AB5-B464-FD699F7150A9}.Debug|Any CPU.Build.0 = Debug|Any CPU
		{98F3EE97-A846-4AB5-B464-FD699F7150A9}.Debug|iPhone.ActiveCfg = Debug|Any CPU
		{98F3EE97-A846-4AB5-B464-FD699F7150A9}.Debug|iPhone.Build.0 = Debug|Any CPU
		{98F3EE97-A846-4AB5-B464-FD699F7150A9}.Debug|iPhoneSimulator.ActiveCfg = Debug|Any CPU
		{98F3EE97-A846-4AB5-B464-FD699F7150A9}.Debug|iPhoneSimulator.Build.0 = Debug|Any CPU
		{98F3EE97-A846-4AB5-B464-FD699F7150A9}.Release|Any CPU.ActiveCfg = Release|Any CPU
		{98F3EE97-A846-4AB5-B464-FD699F7150A9}.Release|Any CPU.Build.0 = Release|Any CPU
		{98F3EE97-A846-4AB5-B464-FD699F7150A9}.Release|iPhone.ActiveCfg = Release|Any CPU
		{98F3EE97-A846-4AB5-B464-FD699F7150A9}.Release|iPhone.Build.0 = Release|Any CPU
		{98F3EE97-A846-4AB5-B464-FD699F7150A9}.Release|iPhoneSimulator.ActiveCfg = Release|Any CPU
		{98F3EE97-A846-4AB5-B464-FD699F7150A9}.Release|iPhoneSimulator.Build.0 = Release|Any CPU
		{39991A6C-6B2F-439C-90E8-F3362381BD8F}.Ad-Hoc|Any CPU.ActiveCfg = Debug|Any CPU
		{39991A6C-6B2F-439C-90E8-F3362381BD8F}.Ad-Hoc|Any CPU.Build.0 = Debug|Any CPU
		{39991A6C-6B2F-439C-90E8-F3362381BD8F}.Ad-Hoc|iPhone.ActiveCfg = Debug|Any CPU
		{39991A6C-6B2F-439C-90E8-F3362381BD8F}.Ad-Hoc|iPhone.Build.0 = Debug|Any CPU
		{39991A6C-6B2F-439C-90E8-F3362381BD8F}.Ad-Hoc|iPhoneSimulator.ActiveCfg = Debug|Any CPU
		{39991A6C-6B2F-439C-90E8-F3362381BD8F}.Ad-Hoc|iPhoneSimulator.Build.0 = Debug|Any CPU
		{39991A6C-6B2F-439C-90E8-F3362381BD8F}.AppStore|Any CPU.ActiveCfg = Debug|Any CPU
		{39991A6C-6B2F-439C-90E8-F3362381BD8F}.AppStore|Any CPU.Build.0 = Debug|Any CPU
		{39991A6C-6B2F-439C-90E8-F3362381BD8F}.AppStore|iPhone.ActiveCfg = Debug|Any CPU
		{39991A6C-6B2F-439C-90E8-F3362381BD8F}.AppStore|iPhone.Build.0 = Debug|Any CPU
		{39991A6C-6B2F-439C-90E8-F3362381BD8F}.AppStore|iPhoneSimulator.ActiveCfg = Debug|Any CPU
		{39991A6C-6B2F-439C-90E8-F3362381BD8F}.AppStore|iPhoneSimulator.Build.0 = Debug|Any CPU
		{39991A6C-6B2F-439C-90E8-F3362381BD8F}.Debug|Any CPU.ActiveCfg = Debug|Any CPU
		{39991A6C-6B2F-439C-90E8-F3362381BD8F}.Debug|Any CPU.Build.0 = Debug|Any CPU
		{39991A6C-6B2F-439C-90E8-F3362381BD8F}.Debug|iPhone.ActiveCfg = Debug|Any CPU
		{39991A6C-6B2F-439C-90E8-F3362381BD8F}.Debug|iPhone.Build.0 = Debug|Any CPU
		{39991A6C-6B2F-439C-90E8-F3362381BD8F}.Debug|iPhoneSimulator.ActiveCfg = Debug|Any CPU
		{39991A6C-6B2F-439C-90E8-F3362381BD8F}.Debug|iPhoneSimulator.Build.0 = Debug|Any CPU
		{39991A6C-6B2F-439C-90E8-F3362381BD8F}.Release|Any CPU.ActiveCfg = Release|Any CPU
		{39991A6C-6B2F-439C-90E8-F3362381BD8F}.Release|Any CPU.Build.0 = Release|Any CPU
		{39991A6C-6B2F-439C-90E8-F3362381BD8F}.Release|iPhone.ActiveCfg = Release|Any CPU
		{39991A6C-6B2F-439C-90E8-F3362381BD8F}.Release|iPhone.Build.0 = Release|Any CPU
		{39991A6C-6B2F-439C-90E8-F3362381BD8F}.Release|iPhoneSimulator.ActiveCfg = Release|Any CPU
		{39991A6C-6B2F-439C-90E8-F3362381BD8F}.Release|iPhoneSimulator.Build.0 = Release|Any CPU
		{18AFBAE7-9048-4F6F-AB78-FC2E58DE2F94}.Ad-Hoc|Any CPU.ActiveCfg = Debug|Any CPU
		{18AFBAE7-9048-4F6F-AB78-FC2E58DE2F94}.Ad-Hoc|Any CPU.Build.0 = Debug|Any CPU
		{18AFBAE7-9048-4F6F-AB78-FC2E58DE2F94}.Ad-Hoc|iPhone.ActiveCfg = Debug|Any CPU
		{18AFBAE7-9048-4F6F-AB78-FC2E58DE2F94}.Ad-Hoc|iPhone.Build.0 = Debug|Any CPU
		{18AFBAE7-9048-4F6F-AB78-FC2E58DE2F94}.Ad-Hoc|iPhoneSimulator.ActiveCfg = Debug|Any CPU
		{18AFBAE7-9048-4F6F-AB78-FC2E58DE2F94}.Ad-Hoc|iPhoneSimulator.Build.0 = Debug|Any CPU
		{18AFBAE7-9048-4F6F-AB78-FC2E58DE2F94}.AppStore|Any CPU.ActiveCfg = Debug|Any CPU
		{18AFBAE7-9048-4F6F-AB78-FC2E58DE2F94}.AppStore|Any CPU.Build.0 = Debug|Any CPU
		{18AFBAE7-9048-4F6F-AB78-FC2E58DE2F94}.AppStore|iPhone.ActiveCfg = Debug|Any CPU
		{18AFBAE7-9048-4F6F-AB78-FC2E58DE2F94}.AppStore|iPhone.Build.0 = Debug|Any CPU
		{18AFBAE7-9048-4F6F-AB78-FC2E58DE2F94}.AppStore|iPhoneSimulator.ActiveCfg = Debug|Any CPU
		{18AFBAE7-9048-4F6F-AB78-FC2E58DE2F94}.AppStore|iPhoneSimulator.Build.0 = Debug|Any CPU
		{18AFBAE7-9048-4F6F-AB78-FC2E58DE2F94}.Debug|Any CPU.ActiveCfg = Debug|Any CPU
		{18AFBAE7-9048-4F6F-AB78-FC2E58DE2F94}.Debug|Any CPU.Build.0 = Debug|Any CPU
		{18AFBAE7-9048-4F6F-AB78-FC2E58DE2F94}.Debug|iPhone.ActiveCfg = Debug|Any CPU
		{18AFBAE7-9048-4F6F-AB78-FC2E58DE2F94}.Debug|iPhone.Build.0 = Debug|Any CPU
		{18AFBAE7-9048-4F6F-AB78-FC2E58DE2F94}.Debug|iPhoneSimulator.ActiveCfg = Debug|Any CPU
		{18AFBAE7-9048-4F6F-AB78-FC2E58DE2F94}.Debug|iPhoneSimulator.Build.0 = Debug|Any CPU
		{18AFBAE7-9048-4F6F-AB78-FC2E58DE2F94}.Release|Any CPU.ActiveCfg = Release|Any CPU
		{18AFBAE7-9048-4F6F-AB78-FC2E58DE2F94}.Release|Any CPU.Build.0 = Release|Any CPU
		{18AFBAE7-9048-4F6F-AB78-FC2E58DE2F94}.Release|iPhone.ActiveCfg = Release|Any CPU
		{18AFBAE7-9048-4F6F-AB78-FC2E58DE2F94}.Release|iPhone.Build.0 = Release|Any CPU
		{18AFBAE7-9048-4F6F-AB78-FC2E58DE2F94}.Release|iPhoneSimulator.ActiveCfg = Release|Any CPU
		{18AFBAE7-9048-4F6F-AB78-FC2E58DE2F94}.Release|iPhoneSimulator.Build.0 = Release|Any CPU
		{F0456866-185E-4D25-8351-D9ADE0409864}.Ad-Hoc|Any CPU.ActiveCfg = Debug|Any CPU
		{F0456866-185E-4D25-8351-D9ADE0409864}.Ad-Hoc|Any CPU.Build.0 = Debug|Any CPU
		{F0456866-185E-4D25-8351-D9ADE0409864}.Ad-Hoc|iPhone.ActiveCfg = Debug|Any CPU
		{F0456866-185E-4D25-8351-D9ADE0409864}.Ad-Hoc|iPhone.Build.0 = Debug|Any CPU
		{F0456866-185E-4D25-8351-D9ADE0409864}.Ad-Hoc|iPhoneSimulator.ActiveCfg = Debug|Any CPU
		{F0456866-185E-4D25-8351-D9ADE0409864}.Ad-Hoc|iPhoneSimulator.Build.0 = Debug|Any CPU
		{F0456866-185E-4D25-8351-D9ADE0409864}.AppStore|Any CPU.ActiveCfg = Debug|Any CPU
		{F0456866-185E-4D25-8351-D9ADE0409864}.AppStore|Any CPU.Build.0 = Debug|Any CPU
		{F0456866-185E-4D25-8351-D9ADE0409864}.AppStore|iPhone.ActiveCfg = Debug|Any CPU
		{F0456866-185E-4D25-8351-D9ADE0409864}.AppStore|iPhone.Build.0 = Debug|Any CPU
		{F0456866-185E-4D25-8351-D9ADE0409864}.AppStore|iPhoneSimulator.ActiveCfg = Debug|Any CPU
		{F0456866-185E-4D25-8351-D9ADE0409864}.AppStore|iPhoneSimulator.Build.0 = Debug|Any CPU
		{F0456866-185E-4D25-8351-D9ADE0409864}.Debug|Any CPU.ActiveCfg = Debug|Any CPU
		{F0456866-185E-4D25-8351-D9ADE0409864}.Debug|Any CPU.Build.0 = Debug|Any CPU
		{F0456866-185E-4D25-8351-D9ADE0409864}.Debug|iPhone.ActiveCfg = Debug|Any CPU
		{F0456866-185E-4D25-8351-D9ADE0409864}.Debug|iPhone.Build.0 = Debug|Any CPU
		{F0456866-185E-4D25-8351-D9ADE0409864}.Debug|iPhoneSimulator.ActiveCfg = Debug|Any CPU
		{F0456866-185E-4D25-8351-D9ADE0409864}.Debug|iPhoneSimulator.Build.0 = Debug|Any CPU
		{F0456866-185E-4D25-8351-D9ADE0409864}.Release|Any CPU.ActiveCfg = Release|Any CPU
		{F0456866-185E-4D25-8351-D9ADE0409864}.Release|Any CPU.Build.0 = Release|Any CPU
		{F0456866-185E-4D25-8351-D9ADE0409864}.Release|iPhone.ActiveCfg = Release|Any CPU
		{F0456866-185E-4D25-8351-D9ADE0409864}.Release|iPhone.Build.0 = Release|Any CPU
		{F0456866-185E-4D25-8351-D9ADE0409864}.Release|iPhoneSimulator.ActiveCfg = Release|Any CPU
		{F0456866-185E-4D25-8351-D9ADE0409864}.Release|iPhoneSimulator.Build.0 = Release|Any CPU
		{C31BB1A3-917C-4B2C-9F15-7B7EB7F16E7D}.Ad-Hoc|Any CPU.ActiveCfg = Debug|Any CPU
		{C31BB1A3-917C-4B2C-9F15-7B7EB7F16E7D}.Ad-Hoc|Any CPU.Build.0 = Debug|Any CPU
		{C31BB1A3-917C-4B2C-9F15-7B7EB7F16E7D}.Ad-Hoc|iPhone.ActiveCfg = Debug|Any CPU
		{C31BB1A3-917C-4B2C-9F15-7B7EB7F16E7D}.Ad-Hoc|iPhone.Build.0 = Debug|Any CPU
		{C31BB1A3-917C-4B2C-9F15-7B7EB7F16E7D}.Ad-Hoc|iPhoneSimulator.ActiveCfg = Debug|Any CPU
		{C31BB1A3-917C-4B2C-9F15-7B7EB7F16E7D}.Ad-Hoc|iPhoneSimulator.Build.0 = Debug|Any CPU
		{C31BB1A3-917C-4B2C-9F15-7B7EB7F16E7D}.AppStore|Any CPU.ActiveCfg = Debug|Any CPU
		{C31BB1A3-917C-4B2C-9F15-7B7EB7F16E7D}.AppStore|Any CPU.Build.0 = Debug|Any CPU
		{C31BB1A3-917C-4B2C-9F15-7B7EB7F16E7D}.AppStore|iPhone.ActiveCfg = Debug|Any CPU
		{C31BB1A3-917C-4B2C-9F15-7B7EB7F16E7D}.AppStore|iPhone.Build.0 = Debug|Any CPU
		{C31BB1A3-917C-4B2C-9F15-7B7EB7F16E7D}.AppStore|iPhoneSimulator.ActiveCfg = Debug|Any CPU
		{C31BB1A3-917C-4B2C-9F15-7B7EB7F16E7D}.AppStore|iPhoneSimulator.Build.0 = Debug|Any CPU
		{C31BB1A3-917C-4B2C-9F15-7B7EB7F16E7D}.Debug|Any CPU.ActiveCfg = Debug|Any CPU
		{C31BB1A3-917C-4B2C-9F15-7B7EB7F16E7D}.Debug|Any CPU.Build.0 = Debug|Any CPU
		{C31BB1A3-917C-4B2C-9F15-7B7EB7F16E7D}.Debug|iPhone.ActiveCfg = Debug|Any CPU
		{C31BB1A3-917C-4B2C-9F15-7B7EB7F16E7D}.Debug|iPhone.Build.0 = Debug|Any CPU
		{C31BB1A3-917C-4B2C-9F15-7B7EB7F16E7D}.Debug|iPhoneSimulator.ActiveCfg = Debug|Any CPU
		{C31BB1A3-917C-4B2C-9F15-7B7EB7F16E7D}.Debug|iPhoneSimulator.Build.0 = Debug|Any CPU
		{C31BB1A3-917C-4B2C-9F15-7B7EB7F16E7D}.Release|Any CPU.ActiveCfg = Release|Any CPU
		{C31BB1A3-917C-4B2C-9F15-7B7EB7F16E7D}.Release|Any CPU.Build.0 = Release|Any CPU
		{C31BB1A3-917C-4B2C-9F15-7B7EB7F16E7D}.Release|iPhone.ActiveCfg = Release|Any CPU
		{C31BB1A3-917C-4B2C-9F15-7B7EB7F16E7D}.Release|iPhone.Build.0 = Release|Any CPU
		{C31BB1A3-917C-4B2C-9F15-7B7EB7F16E7D}.Release|iPhoneSimulator.ActiveCfg = Release|Any CPU
		{C31BB1A3-917C-4B2C-9F15-7B7EB7F16E7D}.Release|iPhoneSimulator.Build.0 = Release|Any CPU
		{F3B15DB0-1B07-4AC2-BFAC-0827C6277267}.Ad-Hoc|Any CPU.ActiveCfg = Release|Any CPU
		{F3B15DB0-1B07-4AC2-BFAC-0827C6277267}.Ad-Hoc|Any CPU.Build.0 = Release|Any CPU
		{F3B15DB0-1B07-4AC2-BFAC-0827C6277267}.Ad-Hoc|iPhone.ActiveCfg = Release|Any CPU
		{F3B15DB0-1B07-4AC2-BFAC-0827C6277267}.Ad-Hoc|iPhone.Build.0 = Release|Any CPU
		{F3B15DB0-1B07-4AC2-BFAC-0827C6277267}.Ad-Hoc|iPhoneSimulator.ActiveCfg = Release|Any CPU
		{F3B15DB0-1B07-4AC2-BFAC-0827C6277267}.Ad-Hoc|iPhoneSimulator.Build.0 = Release|Any CPU
		{F3B15DB0-1B07-4AC2-BFAC-0827C6277267}.AppStore|Any CPU.ActiveCfg = Release|Any CPU
		{F3B15DB0-1B07-4AC2-BFAC-0827C6277267}.AppStore|Any CPU.Build.0 = Release|Any CPU
		{F3B15DB0-1B07-4AC2-BFAC-0827C6277267}.AppStore|iPhone.ActiveCfg = Release|Any CPU
		{F3B15DB0-1B07-4AC2-BFAC-0827C6277267}.AppStore|iPhone.Build.0 = Release|Any CPU
		{F3B15DB0-1B07-4AC2-BFAC-0827C6277267}.AppStore|iPhoneSimulator.ActiveCfg = Release|Any CPU
		{F3B15DB0-1B07-4AC2-BFAC-0827C6277267}.AppStore|iPhoneSimulator.Build.0 = Release|Any CPU
		{F3B15DB0-1B07-4AC2-BFAC-0827C6277267}.Debug|Any CPU.ActiveCfg = Debug|Any CPU
		{F3B15DB0-1B07-4AC2-BFAC-0827C6277267}.Debug|Any CPU.Build.0 = Debug|Any CPU
		{F3B15DB0-1B07-4AC2-BFAC-0827C6277267}.Debug|iPhone.ActiveCfg = Debug|Any CPU
		{F3B15DB0-1B07-4AC2-BFAC-0827C6277267}.Debug|iPhone.Build.0 = Debug|Any CPU
		{F3B15DB0-1B07-4AC2-BFAC-0827C6277267}.Debug|iPhoneSimulator.ActiveCfg = Debug|Any CPU
		{F3B15DB0-1B07-4AC2-BFAC-0827C6277267}.Debug|iPhoneSimulator.Build.0 = Debug|Any CPU
		{F3B15DB0-1B07-4AC2-BFAC-0827C6277267}.Release|Any CPU.ActiveCfg = Release|Any CPU
		{F3B15DB0-1B07-4AC2-BFAC-0827C6277267}.Release|Any CPU.Build.0 = Release|Any CPU
		{F3B15DB0-1B07-4AC2-BFAC-0827C6277267}.Release|iPhone.ActiveCfg = Release|Any CPU
		{F3B15DB0-1B07-4AC2-BFAC-0827C6277267}.Release|iPhone.Build.0 = Release|Any CPU
		{F3B15DB0-1B07-4AC2-BFAC-0827C6277267}.Release|iPhoneSimulator.ActiveCfg = Release|Any CPU
		{F3B15DB0-1B07-4AC2-BFAC-0827C6277267}.Release|iPhoneSimulator.Build.0 = Release|Any CPU
	EndGlobalSection
	GlobalSection(SolutionProperties) = preSolution
		HideSolutionNode = FALSE
	EndGlobalSection
	GlobalSection(NestedProjects) = preSolution
		{90E1C6BB-B9D6-4081-B0E1-ED1414C2060F} = {5D9B92E8-DBD4-4EBD-8427-37D41A147781}
		{A98E9556-CF8A-46B3-9CF5-760C657A0850} = {DB8B23FE-9788-44AA-8E81-C2FCF35674A2}
		{ED5526A4-3865-43B2-9F12-3D2A4E5F8E7B} = {8177756C-9568-41CC-903B-4E16E8079592}
		{B9B36589-9387-4217-9F9C-D225C4F54D1C} = {5D3EE41A-04DC-491B-8970-AC9A7E0CCEA1}
		{2F426613-6ECC-440F-B9CD-5F2D46CAD82A} = {5D9B92E8-DBD4-4EBD-8427-37D41A147781}
		{0E7F07C6-65A3-4B32-9966-720B910317D3} = {A790698C-919E-4AD2-98BD-90FE74982679}
		{34F64067-31E4-4D5D-8392-A9B813F1E9A2} = {5D9B92E8-DBD4-4EBD-8427-37D41A147781}
		{2659E0CF-9AC4-4F94-BB2E-9ECB7526DFD1} = {5D9B92E8-DBD4-4EBD-8427-37D41A147781}
		{4756B54E-7164-4426-BBA8-ECD8D264416C} = {5D9B92E8-DBD4-4EBD-8427-37D41A147781}
		{47BE763B-1585-4474-A91B-2E2F5E65FF60} = {3F063338-2C9C-4E6B-9411-F295CCAA73AE}
		{732C1781-BD9E-4CB8-90CC-82A0549B7780} = {5D9B92E8-DBD4-4EBD-8427-37D41A147781}
		{4BCB41F3-1451-4A33-9B16-A0F214900E2E} = {3F063338-2C9C-4E6B-9411-F295CCAA73AE}
		{792772B0-3B4F-4984-A6D7-9D1AF18FD5E1} = {5D3EE41A-04DC-491B-8970-AC9A7E0CCEA1}
		{791A94B6-1D0D-4317-A2FB-937B754BDB5D} = {DB8B23FE-9788-44AA-8E81-C2FCF35674A2}
		{3F063338-2C9C-4E6B-9411-F295CCAA73AE} = {B065C82D-66EE-41DA-A10F-02566E6BA7D9}
		{6E6E4DF8-5A6A-4408-B74E-D7EE9E6F7F2C} = {3F063338-2C9C-4E6B-9411-F295CCAA73AE}
		{0CCE5288-1316-4F5D-88BA-C54E605E035D} = {3F063338-2C9C-4E6B-9411-F295CCAA73AE}
		{B6DEEC21-2101-4049-91A4-824DBAEA6041} = {3F063338-2C9C-4E6B-9411-F295CCAA73AE}
		{5D3EE41A-04DC-491B-8970-AC9A7E0CCEA1} = {B065C82D-66EE-41DA-A10F-02566E6BA7D9}
		{A3179F5A-72A8-4787-B7B5-8800DD3A093A} = {5D3EE41A-04DC-491B-8970-AC9A7E0CCEA1}
		{137839B3-75DD-4A2F-8B55-41A8D9CBD302} = {5D3EE41A-04DC-491B-8970-AC9A7E0CCEA1}
		{8177756C-9568-41CC-903B-4E16E8079592} = {B065C82D-66EE-41DA-A10F-02566E6BA7D9}
		{F50B8818-229C-46F5-95DC-BBD95D0BBDAE} = {8177756C-9568-41CC-903B-4E16E8079592}
		{E2F30E5D-9967-4266-A45E-A35909C6706B} = {5D3EE41A-04DC-491B-8970-AC9A7E0CCEA1}
		{CD7B13F4-C755-4D26-A36D-714162402CA3} = {8177756C-9568-41CC-903B-4E16E8079592}
		{DB8B23FE-9788-44AA-8E81-C2FCF35674A2} = {B065C82D-66EE-41DA-A10F-02566E6BA7D9}
		{9430CC07-32B0-4F73-A1A3-4647D2DAC2BD} = {DB8B23FE-9788-44AA-8E81-C2FCF35674A2}
		{6511B126-B631-42F9-8864-5CA054912B7B} = {DB8B23FE-9788-44AA-8E81-C2FCF35674A2}
		{945584F5-16E5-4788-9BB9-2B07095D973F} = {DB8B23FE-9788-44AA-8E81-C2FCF35674A2}
		{98F3EE97-A846-4AB5-B464-FD699F7150A9} = {8177756C-9568-41CC-903B-4E16E8079592}
		{39991A6C-6B2F-439C-90E8-F3362381BD8F} = {8177756C-9568-41CC-903B-4E16E8079592}
		{18AFBAE7-9048-4F6F-AB78-FC2E58DE2F94} = {DB8B23FE-9788-44AA-8E81-C2FCF35674A2}
		{F0456866-185E-4D25-8351-D9ADE0409864} = {5D3EE41A-04DC-491B-8970-AC9A7E0CCEA1}
		{C31BB1A3-917C-4B2C-9F15-7B7EB7F16E7D} = {8177756C-9568-41CC-903B-4E16E8079592}
		{F3B15DB0-1B07-4AC2-BFAC-0827C6277267} = {3F063338-2C9C-4E6B-9411-F295CCAA73AE}
	EndGlobalSection
	GlobalSection(ExtensibilityGlobals) = postSolution
		SolutionGuid = {020121EE-EF29-420E-A832-D64AD5AFBFE6}
	EndGlobalSection
EndGlobal
