Microsoft Visual Studio Solution File, Format Version 12.00
# Visual Studio 15
VisualStudioVersion = 15.0.27004.2009
MinimumVisualStudioVersion = 15.0.26124.0
Project("{6EC3EE1D-3C4E-46DD-8F32-0CC8E7565705}") = "Nikeza.Server", "Nikeza.Server\Nikeza.Server.fsproj", "{A608ADDA-8C89-4EB3-A739-D2BF5DA7CE9E}"
EndProject
Project("{6EC3EE1D-3C4E-46DD-8F32-0CC8E7565705}") = "Nikeza.Test", "Nikeza.Test\Nikeza.Test.fsproj", "{6E2F19F2-5C36-4524-832E-7F80838F6EE7}"
EndProject
Project("{6EC3EE1D-3C4E-46DD-8F32-0CC8E7565705}") = "Nikeza.Common", "..\Nikeza.Common\Nikeza.Common\Nikeza.Common.fsproj", "{455B3350-3C0C-403B-AECF-1E74C37B1655}"
EndProject
Global
	GlobalSection(SolutionConfigurationPlatforms) = preSolution
		Debug|Any CPU = Debug|Any CPU
		Debug|x64 = Debug|x64
		Debug|x86 = Debug|x86
		Release|Any CPU = Release|Any CPU
		Release|x64 = Release|x64
		Release|x86 = Release|x86
	EndGlobalSection
	GlobalSection(ProjectConfigurationPlatforms) = postSolution
		{A608ADDA-8C89-4EB3-A739-D2BF5DA7CE9E}.Debug|Any CPU.ActiveCfg = Debug|Any CPU
		{A608ADDA-8C89-4EB3-A739-D2BF5DA7CE9E}.Debug|Any CPU.Build.0 = Debug|Any CPU
		{A608ADDA-8C89-4EB3-A739-D2BF5DA7CE9E}.Debug|x64.ActiveCfg = Debug|Any CPU
		{A608ADDA-8C89-4EB3-A739-D2BF5DA7CE9E}.Debug|x64.Build.0 = Debug|Any CPU
		{A608ADDA-8C89-4EB3-A739-D2BF5DA7CE9E}.Debug|x86.ActiveCfg = Debug|Any CPU
		{A608ADDA-8C89-4EB3-A739-D2BF5DA7CE9E}.Debug|x86.Build.0 = Debug|Any CPU
		{A608ADDA-8C89-4EB3-A739-D2BF5DA7CE9E}.Release|Any CPU.ActiveCfg = Release|Any CPU
		{A608ADDA-8C89-4EB3-A739-D2BF5DA7CE9E}.Release|Any CPU.Build.0 = Release|Any CPU
		{A608ADDA-8C89-4EB3-A739-D2BF5DA7CE9E}.Release|x64.ActiveCfg = Release|Any CPU
		{A608ADDA-8C89-4EB3-A739-D2BF5DA7CE9E}.Release|x64.Build.0 = Release|Any CPU
		{A608ADDA-8C89-4EB3-A739-D2BF5DA7CE9E}.Release|x86.ActiveCfg = Release|Any CPU
		{A608ADDA-8C89-4EB3-A739-D2BF5DA7CE9E}.Release|x86.Build.0 = Release|Any CPU
		{6E2F19F2-5C36-4524-832E-7F80838F6EE7}.Debug|Any CPU.ActiveCfg = Debug|Any CPU
		{6E2F19F2-5C36-4524-832E-7F80838F6EE7}.Debug|Any CPU.Build.0 = Debug|Any CPU
		{6E2F19F2-5C36-4524-832E-7F80838F6EE7}.Debug|x64.ActiveCfg = Debug|Any CPU
		{6E2F19F2-5C36-4524-832E-7F80838F6EE7}.Debug|x64.Build.0 = Debug|Any CPU
		{6E2F19F2-5C36-4524-832E-7F80838F6EE7}.Debug|x86.ActiveCfg = Debug|Any CPU
		{6E2F19F2-5C36-4524-832E-7F80838F6EE7}.Debug|x86.Build.0 = Debug|Any CPU
		{6E2F19F2-5C36-4524-832E-7F80838F6EE7}.Release|Any CPU.ActiveCfg = Release|Any CPU
		{6E2F19F2-5C36-4524-832E-7F80838F6EE7}.Release|Any CPU.Build.0 = Release|Any CPU
		{6E2F19F2-5C36-4524-832E-7F80838F6EE7}.Release|x64.ActiveCfg = Release|Any CPU
		{6E2F19F2-5C36-4524-832E-7F80838F6EE7}.Release|x64.Build.0 = Release|Any CPU
		{6E2F19F2-5C36-4524-832E-7F80838F6EE7}.Release|x86.ActiveCfg = Release|Any CPU
		{6E2F19F2-5C36-4524-832E-7F80838F6EE7}.Release|x86.Build.0 = Release|Any CPU
		{455B3350-3C0C-403B-AECF-1E74C37B1655}.Debug|Any CPU.ActiveCfg = Debug|Any CPU
		{455B3350-3C0C-403B-AECF-1E74C37B1655}.Debug|Any CPU.Build.0 = Debug|Any CPU
		{455B3350-3C0C-403B-AECF-1E74C37B1655}.Debug|x64.ActiveCfg = Debug|Any CPU
		{455B3350-3C0C-403B-AECF-1E74C37B1655}.Debug|x64.Build.0 = Debug|Any CPU
		{455B3350-3C0C-403B-AECF-1E74C37B1655}.Debug|x86.ActiveCfg = Debug|Any CPU
		{455B3350-3C0C-403B-AECF-1E74C37B1655}.Debug|x86.Build.0 = Debug|Any CPU
		{455B3350-3C0C-403B-AECF-1E74C37B1655}.Release|Any CPU.ActiveCfg = Release|Any CPU
		{455B3350-3C0C-403B-AECF-1E74C37B1655}.Release|Any CPU.Build.0 = Release|Any CPU
		{455B3350-3C0C-403B-AECF-1E74C37B1655}.Release|x64.ActiveCfg = Release|Any CPU
		{455B3350-3C0C-403B-AECF-1E74C37B1655}.Release|x64.Build.0 = Release|Any CPU
		{455B3350-3C0C-403B-AECF-1E74C37B1655}.Release|x86.ActiveCfg = Release|Any CPU
		{455B3350-3C0C-403B-AECF-1E74C37B1655}.Release|x86.Build.0 = Release|Any CPU
	EndGlobalSection
	GlobalSection(SolutionProperties) = preSolution
		HideSolutionNode = FALSE
	EndGlobalSection
	GlobalSection(ExtensibilityGlobals) = postSolution
		SolutionGuid = {625B74B9-3E63-4BB8-9DD9-F255D944471D}
	EndGlobalSection
	GlobalSection(Performance) = preSolution
		HasPerformanceSessions = true
	EndGlobalSection
EndGlobal
