{
  "name": "my-first-app",
  "version": "0.1.0",
  "lockfileVersion": 1,
  "dependencies": {
    "bs-fetch": {
      "version": "0.1.1",
      "resolved": "https://registry.npmjs.org/bs-fetch/-/bs-fetch-0.1.1.tgz",
      "integrity": "sha1-G+4TeGgT7u5pfEiVnACLwI7YIQo="
    },
    "bs-platform": {
      "version": "1.8.0",
      "resolved": "https://registry.npmjs.org/bs-platform/-/bs-platform-1.8.0.tgz",
      "integrity": "sha1-03b1+i6/4ERRkwYz8HM/guo5+94=",
      "dev": true
    }
  }
}
