
Microsoft Visual Studio Solution File, Format Version 12.00
# Visual Studio 15
VisualStudioVersion = 15.0.27205.0
MinimumVisualStudioVersion = 10.0.40219.1
Project("{F2A71F9B-5D33-465A-A702-920D77279786}") = "Nikeza.Shared", "Nikeza.Shared\Nikeza.Shared.fsproj", "{E3C0B398-CF8B-4AB7-A5C6-BF7478EE1735}"
EndProject
Global
	GlobalSection(SolutionConfigurationPlatforms) = preSolution
		Debug|Any CPU = Debug|Any CPU
		Release|Any CPU = Release|Any CPU
	EndGlobalSection
	GlobalSection(ProjectConfigurationPlatforms) = postSolution
		{E3C0B398-CF8B-4AB7-A5C6-BF7478EE1735}.Debug|Any CPU.ActiveCfg = Debug|Any CPU
		{E3C0B398-CF8B-4AB7-A5C6-BF7478EE1735}.Debug|Any CPU.Build.0 = Debug|Any CPU
		{E3C0B398-CF8B-4AB7-A5C6-BF7478EE1735}.Release|Any CPU.ActiveCfg = Release|Any CPU
		{E3C0B398-CF8B-4AB7-A5C6-BF7478EE1735}.Release|Any CPU.Build.0 = Release|Any CPU
	EndGlobalSection
	GlobalSection(SolutionProperties) = preSolution
		HideSolutionNode = FALSE
	EndGlobalSection
	GlobalSection(ExtensibilityGlobals) = postSolution
		SolutionGuid = {10E9C608-9798-4256-91D8-4BE861D72DF2}
	EndGlobalSection
EndGlobal
